hash: 5edc1c9990dbfc36e041dcdabeab2dd8fdd0c8b8b0540b54d515a0044f63952c
updated: 2016-09-06T15:41:59.168710473-04:00
imports:
- name: github.com/alecthomas/log4go
  version: daf996341c5f3a0dd6fef7fb5d960772c8c9348f
- name: github.com/braintree/manners
  version: daf996341c5f3a0dd6fef7fb5d960772c8c9348f
- name: github.com/dgryski/dgoogauth
  version: daf996341c5f3a0dd6fef7fb5d960772c8c9348f
- name: github.com/disintegration/imaging
  version: daf996341c5f3a0dd6fef7fb5d960772c8c9348f
- name: github.com/garyburd/redigo
  version: daf996341c5f3a0dd6fef7fb5d960772c8c9348f
  subpackages:
  - redis
  - internal
- name: github.com/go-gorp/gorp
  version: ""
- name: github.com/go-ldap/ldap
  version: daf996341c5f3a0dd6fef7fb5d960772c8c9348f
- name: github.com/go-sql-driver/mysql
  version: daf996341c5f3a0dd6fef7fb5d960772c8c9348f
- name: github.com/goamz/goamz
  version: daf996341c5f3a0dd6fef7fb5d960772c8c9348f
  subpackages:
  - aws
  - s3
- name: github.com/golang/freetype
  version: daf996341c5f3a0dd6fef7fb5d960772c8c9348f
  subpackages:
  - raster
  - truetype
- name: github.com/golang/groupcache
  version: daf996341c5f3a0dd6fef7fb5d960772c8c9348f
  subpackages:
  - lru
- name: github.com/gorilla/context
  version: daf996341c5f3a0dd6fef7fb5d960772c8c9348f
- name: github.com/gorilla/handlers
  version: daf996341c5f3a0dd6fef7fb5d960772c8c9348f
- name: github.com/gorilla/mux
  version: daf996341c5f3a0dd6fef7fb5d960772c8c9348f
- name: github.com/gorilla/websocket
  version: daf996341c5f3a0dd6fef7fb5d960772c8c9348f
- name: github.com/jehiah/go-strftime
  version: 834e15c05a45371503440cc195bbd05c9a0968d9
- name: github.com/lib/pq
  version: daf996341c5f3a0dd6fef7fb5d960772c8c9348f
  subpackages:
  - oid
- name: github.com/mattermost/rsc
  version: daf996341c5f3a0dd6fef7fb5d960772c8c9348f
  subpackages:
  - qr
  - qr/coding
  - gf256
- name: github.com/mssola/user_agent
  version: daf996341c5f3a0dd6fef7fb5d960772c8c9348f
- name: github.com/nicksnyder/go-i18n
  version: daf996341c5f3a0dd6fef7fb5d960772c8c9348f
  subpackages:
  - i18n
  - i18n/bundle
  - i18n/language
  - i18n/translation
- name: github.com/NYTimes/gziphandler
  version: daf996341c5f3a0dd6fef7fb5d960772c8c9348f
- name: github.com/pborman/uuid
  version: daf996341c5f3a0dd6fef7fb5d960772c8c9348f
- name: github.com/rwcarlsen/goexif
  version: daf996341c5f3a0dd6fef7fb5d960772c8c9348f
  subpackages:
  - exif
  - tiff
- name: github.com/segmentio/analytics-go
  version: bdb0aeca8a993b292b85c9ec17b5ce0ff81848c8
- name: github.com/segmentio/backo-go
  version: 204274ad699c0983a70203a566887f17a717fef4
- name: github.com/vaughan0/go-ini
  version: daf996341c5f3a0dd6fef7fb5d960772c8c9348f
- name: github.com/xtgo/uuid
  version: a0b114877d4caeffbd7f87e3757c17fce570fea7
- name: golang.org/x/crypto
  version: daf996341c5f3a0dd6fef7fb5d960772c8c9348f
  subpackages:
  - bcrypt
  - blowfish
- name: golang.org/x/image
  version: daf996341c5f3a0dd6fef7fb5d960772c8c9348f
  subpackages:
  - bmp
  - tiff
  - font
  - math/fixed
  - tiff/lzw
- name: golang.org/x/sys
  version: daf996341c5f3a0dd6fef7fb5d960772c8c9348f
  subpackages:
  - unix
- name: gopkg.in/asn1-ber.v1
  version: daf996341c5f3a0dd6fef7fb5d960772c8c9348f
- name: gopkg.in/fsnotify.v1
  version: daf996341c5f3a0dd6fef7fb5d960772c8c9348f
- name: gopkg.in/throttled/throttled.v1
  version: daf996341c5f3a0dd6fef7fb5d960772c8c9348f
  subpackages:
  - store
- name: gopkg.in/yaml.v2
  version: daf996341c5f3a0dd6fef7fb5d960772c8c9348f
devImports: []
