# This file is autogenerated, do not edit; changes may be undone by the next 'dep ensure'.


[[projects]]
  digest = "1:0803645e1f57fb5271a6edc7570b9ea59bac2e5de67957075a43f3d74c8dbd97"
  name = "github.com/NYTimes/gziphandler"
  packages = ["."]
  pruneopts = "UT"
  revision = "2600fb119af974220d3916a5916d6e31176aac1b"
  version = "v1.0.1"

[[projects]]
  branch = "master"
  digest = "1:ef5b0622d834c139454148b8fd0c92bb314828900532b267ae62da9fec109866"
  name = "github.com/armon/go-metrics"
  packages = ["."]
  pruneopts = "UT"
  revision = "f0300d1749da6fa982027e449ec0c7a145510c3c"

[[projects]]
  branch = "master"
  digest = "1:4c674bfb10004c3977fd086d36dcb232b06c1ceaa4a58dc7325eeae2e1df44ee"
  name = "github.com/avct/uasurfer"
  packages = ["."]
  pruneopts = "UT"
  revision = "2ce2c8fcd544edb053678744334884120f60da20"

[[projects]]
  branch = "master"
  digest = "1:d6afaeed1502aa28e80a4ed0981d570ad91b2579193404256ce672ed0a609e0d"
  name = "github.com/beorn7/perks"
  packages = ["quantile"]
  pruneopts = "UT"
  revision = "3a771d992973f24aa725d07868b467d1ddfceafb"

[[projects]]
  branch = "master"
  digest = "1:cc439e1d9d8cff3d575642f5401033b00f2b8d0cd9f859db45604701c990879a"
  name = "github.com/corpix/uarand"
  packages = ["."]
  pruneopts = "UT"
  revision = "2b8494104d86337cdd41d0a49cbed8e4583c0ab4"

[[projects]]
  digest = "1:ffe9824d294da03b391f44e1ae8281281b4afc1bdaa9588c9097785e3af10cec"
  name = "github.com/davecgh/go-spew"
  packages = ["spew"]
  pruneopts = "UT"
  revision = "8991bc29aa16c548c550c7ff78260e27b9ab7c73"
  version = "v1.1.1"

[[projects]]
  branch = "master"
  digest = "1:d8f5453f55bfb46740ea729278a7ebe45719a736d6e7a97a0157d0b1870f347a"
  name = "github.com/dgryski/dgoogauth"
  packages = ["."]
  pruneopts = "UT"
  revision = "fd153d5969d30bd701e10f3530228f001213047c"

[[projects]]
  digest = "1:2694597a20d303502ad1b7f1cc688977c7dc34da732ccf4d27e98b552cceed5b"
  name = "github.com/disintegration/imaging"
  packages = ["."]
  pruneopts = "UT"
  revision = "0bd5694c78c9c3d9a3cd06a706a8f3c59296a9ac"
  version = "v1.5.0"

[[projects]]
  branch = "master"
  digest = "1:6f9339c912bbdda81302633ad7e99a28dfa5a639c864061f1929510a9a64aa74"
  name = "github.com/dustin/go-humanize"
  packages = ["."]
  pruneopts = "UT"
  revision = "9f541cc9db5d55bce703bd99987c9d5cb8eea45e"

[[projects]]
  branch = "master"
  digest = "1:665c8850f673be8d358fe61ab00412049e685202aa7466ae5c72ad50d89c84f7"
  name = "github.com/dyatlov/go-opengraph"
  packages = ["opengraph"]
  pruneopts = "UT"
  revision = "816b6608b3c8c1e871bc9cf777f390e2532081fe"

[[projects]]
  digest = "1:abeb38ade3f32a92943e5be54f55ed6d6e3b6602761d74b4aab4c9dd45c18abd"
  name = "github.com/fsnotify/fsnotify"
  packages = ["."]
  pruneopts = "UT"
  revision = "c2828203cd70a50dcccfb2761f8b1f8ceef9a8e9"
  version = "v1.4.7"

[[projects]]
  digest = "1:5abd6a22805b1919f6a6bca0ae58b13cef1f3412812f38569978f43ef02743d4"
  name = "github.com/go-ini/ini"
  packages = ["."]
  pruneopts = "UT"
  revision = "5cf292cae48347c2490ac1a58fe36735fb78df7e"
  version = "v1.38.2"

[[projects]]
  digest = "1:93aaeb913621a3a53aaa78592c00f46d63e3bb0ea76e2d9b07327b50959a5778"
  name = "github.com/go-ldap/ldap"
  packages = ["."]
  pruneopts = "UT"
  revision = "bb7a9ca6e4fbc2129e3db588a34bc970ffe811a9"
  version = "v2.5.1"

[[projects]]
  digest = "1:7c2fd446293ff7799cc496d3446e674ee67902d119f244de645caf95dff1bb98"
  name = "github.com/go-redis/redis"
  packages = [
    ".",
    "internal",
    "internal/consistenthash",
    "internal/hashtag",
    "internal/pool",
    "internal/proto",
    "internal/singleflight",
    "internal/util",
  ]
  pruneopts = "UT"
  revision = "f3bba01df2026fc865f7782948845db9cf44cf23"
  version = "v6.14.1"

[[projects]]
  digest = "1:adea5a94903eb4384abef30f3d878dc9ff6b6b5b0722da25b82e5169216dfb61"
  name = "github.com/go-sql-driver/mysql"
  packages = ["."]
  pruneopts = "UT"
  revision = "d523deb1b23d913de5bdada721a6071e71283618"
  version = "v1.4.0"

[[projects]]
  branch = "master"
  digest = "1:7a6377256f670508711c56c25556d639e673c0fa0f519c5a758fdcbfc8af9ac8"
  name = "github.com/golang/freetype"
  packages = [
    ".",
    "raster",
    "truetype",
  ]
  pruneopts = "UT"
  revision = "e2365dfdc4a05e4b8299a783240d4a7d5a65d4e4"

[[projects]]
  digest = "1:4c0989ca0bcd10799064318923b9bc2db6b4d6338dd75f3f2d86c3511aaaf5cf"
  name = "github.com/golang/protobuf"
  packages = [
    "proto",
    "ptypes",
    "ptypes/any",
    "ptypes/duration",
    "ptypes/timestamp",
  ]
  pruneopts = "UT"
  revision = "aa810b61a9c79d51363740d207bb46cf8e620ed5"
  version = "v1.2.0"

[[projects]]
  digest = "1:3a26588bc48b96825977c1b3df964f8fd842cd6860cc26370588d3563433cf11"
  name = "github.com/google/uuid"
  packages = ["."]
  pruneopts = "UT"
  revision = "d460ce9f8df2e77fb1ba55ca87fafed96c607494"
  version = "v1.0.0"

[[projects]]
  digest = "1:c79fb010be38a59d657c48c6ba1d003a8aa651fa56b579d959d74573b7dff8e1"
  name = "github.com/gorilla/context"
  packages = ["."]
  pruneopts = "UT"
  revision = "08b5f424b9271eedf6f9f0ce86cb9396ed337a42"
  version = "v1.1.1"

[[projects]]
  digest = "1:664d37ea261f0fc73dd17f4a1f5f46d01fbb0b0d75f6375af064824424109b7d"
  name = "github.com/gorilla/handlers"
  packages = ["."]
  pruneopts = "UT"
  revision = "7e0847f9db758cdebd26c149d0ae9d5d0b9c98ce"
  version = "v1.4.0"

[[projects]]
  digest = "1:e73f5b0152105f18bc131fba127d9949305c8693f8a762588a82a48f61756f5f"
  name = "github.com/gorilla/mux"
  packages = ["."]
  pruneopts = "UT"
  revision = "e3702bed27f0d39777b0b37b664b6280e8ef8fbf"
  version = "v1.6.2"

[[projects]]
  digest = "1:f7463b67871bf7fe475e2c69fb0d21ead07de5188b8d7f8abf8fc961965ed841"
  name = "github.com/gorilla/schema"
  packages = ["."]
  pruneopts = "UT"
  revision = "d0e4c24cff97ae983e9847e0ed5a02dc10013d41"
  version = "v1.0.2"

[[projects]]
  digest = "1:7b5c6e2eeaa9ae5907c391a91c132abfd5c9e8a784a341b5625e750c67e6825d"
  name = "github.com/gorilla/websocket"
  packages = ["."]
  pruneopts = "UT"
  revision = "66b9c49e59c6c48f0ffce28c2d8b8a5678502c6d"
  version = "v1.4.0"

[[projects]]
  digest = "1:09970bb8daf100bdf11b48b72c71ef980cd2b50efbd903989b3d182956be0b83"
  name = "github.com/hako/durafmt"
  packages = ["."]
  pruneopts = "UT"
  revision = "7b7ae1e72eade09dbc9c2cfba3e6c4bae7b8bcac"
  version = "1.0.0"

[[projects]]
  digest = "1:0ade334594e69404d80d9d323445d2297ff8161637f9b2d347cc6973d2d6f05b"
  name = "github.com/hashicorp/errwrap"
  packages = ["."]
  pruneopts = "UT"
  revision = "8a6fb523712970c966eefc6b39ed2c5e74880354"
  version = "v1.0.0"

[[projects]]
  digest = "1:d900a5ae66a3181783dbf38e4a23505cdabd3e8e881c3d49ae8aa498b571b886"
  name = "github.com/hashicorp/go-hclog"
  packages = ["."]
  pruneopts = "UT"
  revision = "e45cbeb79f0411b1cfedd3f226ff69d5d433c762"

[[projects]]
  digest = "1:2be5a35f0c5b35162c41bb24971e5dcf6ce825403296ee435429cdcc4e1e847e"
  name = "github.com/hashicorp/go-immutable-radix"
  packages = ["."]
  pruneopts = "UT"
  revision = "27df80928bb34bb1b0d6d0e01b9e679902e7a6b5"
  version = "v1.0.0"

[[projects]]
  branch = "master"
  digest = "1:b8ba23b0b493e601d5ebaf21079bd3433eb304a5d73c0fb40b8aea526e94f46b"
  name = "github.com/hashicorp/go-msgpack"
  packages = ["codec"]
  pruneopts = "UT"
  revision = "fa3f63826f7c23912c15263591e65d54d080b458"

[[projects]]
  digest = "1:f668349b83f7d779567c880550534addeca7ebadfdcf44b0b9c39be61864b4b7"
  name = "github.com/hashicorp/go-multierror"
  packages = ["."]
  pruneopts = "UT"
  revision = "886a7fbe3eb1c874d46f623bfa70af45f425b3d1"
  version = "v1.0.0"

[[projects]]
  digest = "1:20f78c1cf1b6fe6c55ba1407350d6fc7dc77d1591f8106ba693c28014a1a1b37"
  name = "github.com/hashicorp/go-plugin"
  packages = ["."]
  pruneopts = "UT"
  revision = "a4620f9913d19f03a6bf19b2f304daaaf83ea130"

[[projects]]
  branch = "master"
  digest = "1:14f2005c31ddf99c4a0f36fc440f8d1ac43224194c7c4a904b3c8f4ba5654d0b"
  name = "github.com/hashicorp/go-sockaddr"
  packages = ["."]
  pruneopts = "UT"
  revision = "6d291a969b86c4b633730bfc6b8b9d64c3aafed9"

[[projects]]
  digest = "1:8ec8d88c248041a6df5f6574b87bc00e7e0b493881dad2e7ef47b11dc69093b5"
  name = "github.com/hashicorp/golang-lru"
  packages = [
    ".",
    "simplelru",
  ]
  pruneopts = "UT"
  revision = "20f1fb78b0740ba8c3cb143a61e86ba5c8669768"
  version = "v0.5.0"

[[projects]]
  digest = "1:c0d19ab64b32ce9fe5cf4ddceba78d5bc9807f0016db6b1183599da3dcc24d10"
  name = "github.com/hashicorp/hcl"
  packages = [
    ".",
    "hcl/ast",
    "hcl/parser",
    "hcl/printer",
    "hcl/scanner",
    "hcl/strconv",
    "hcl/token",
    "json/parser",
    "json/scanner",
    "json/token",
  ]
  pruneopts = "UT"
  revision = "8cb6e5b959231cc1119e43259c4a608f9c51a241"
  version = "v1.0.0"

[[projects]]
  branch = "master"
  digest = "1:70e2df69879bd481a620b103b21940a09c61dc7727c9193423509c0507b052d0"
  name = "github.com/hashicorp/memberlist"
  packages = ["."]
  pruneopts = "UT"
  revision = "b195c8e4fcc6284fff1583fd6ab09e68ca207551"

[[projects]]
  branch = "master"
  digest = "1:a4826c308e84f5f161b90b54a814f0be7d112b80164b9b884698a6903ea47ab3"
  name = "github.com/hashicorp/yamux"
  packages = ["."]
  pruneopts = "UT"
  revision = "7221087c3d281fda5f794e28c2ea4c6e4d5c4558"

[[projects]]
  branch = "master"
  digest = "1:22725c01ecd8ed0c0f0078944305a57053340d92878b02db925c660cc4accf64"
  name = "github.com/icrowley/fake"
  packages = ["."]
  pruneopts = "UT"
  revision = "4178557ae428460c3780a381c824a1f3aceb6325"

[[projects]]
  digest = "1:870d441fe217b8e689d7949fef6e43efbc787e50f200cb1e70dbca9204a1d6be"
  name = "github.com/inconshreveable/mousetrap"
  packages = ["."]
  pruneopts = "UT"
  revision = "76626ae9c91c4f2a10f34cad8ce83ea42c93bb75"
  version = "v1.0"

[[projects]]
  branch = "master"
  digest = "1:8bacc2118e6cc6a207eb144656537ff7ee0397f8bc8c1f7639519b0de2bb949a"
  name = "github.com/jaytaylor/html2text"
  packages = ["."]
  pruneopts = "UT"
  revision = "57d518f124b0cf46ea2021f25a01396b3522e6fb"

[[projects]]
  branch = "master"
  digest = "1:30698afdedd89502ca137b3dac7b762a5919c2e15377445cb42e9c79067f4a83"
  name = "github.com/jehiah/go-strftime"
  packages = ["."]
  pruneopts = "UT"
  revision = "1d33003b386959af197ba96475f198c114627b5e"

[[projects]]
  branch = "master"
  digest = "1:f44d34fda864bed6d6c71514cd40b2ee097e6e67f745d5d014113e1faa5af8b7"
  name = "github.com/konsorten/go-windows-terminal-sequences"
  packages = ["."]
  pruneopts = "UT"
  revision = "b729f2633dfe35f4d1d8a32385f6685610ce1cb5"

[[projects]]
  digest = "1:8ef506fc2bb9ced9b151dafa592d4046063d744c646c1bbe801982ce87e4bc24"
  name = "github.com/lib/pq"
  packages = [
    ".",
    "oid",
  ]
  pruneopts = "UT"
  revision = "4ded0e9383f75c197b3a2aaa6d590ac52df6fd79"
  version = "v1.0.0"

[[projects]]
  digest = "1:c568d7727aa262c32bdf8a3f7db83614f7af0ed661474b24588de635c20024c7"
  name = "github.com/magiconair/properties"
  packages = ["."]
  pruneopts = "UT"
  revision = "c2353362d570a7bfa228149c62842019201cfb71"
  version = "v1.8.0"

[[projects]]
  branch = "master"
  digest = "1:aa3d8d42865c42626b5c1add193692d045b3188b1479f0a0a88690d21fe20083"
  name = "github.com/mailru/easyjson"
  packages = [
    ".",
    "buffer",
    "jlexer",
    "jwriter",
  ]
  pruneopts = "UT"
  revision = "60711f1a8329503b04e1c88535f419d0bb440bff"

[[projects]]
  branch = "master"
  digest = "1:f44dea49cf8d9389516c537b7ef61bfb5836a9bf485e213673917258413f24c3"
  name = "github.com/mattermost/gorp"
  packages = ["."]
  pruneopts = "UT"
  revision = "520a119fe3536337cf8feeaf76afae0f5ae193f1"

[[projects]]
  branch = "master"
  digest = "1:416c58875fe8a3977843a53df2c8f244dbcee61e2ba17fc31027924d2ab0f7fe"
  name = "github.com/mattermost/rsc"
  packages = [
    "gf256",
    "qr",
    "qr/coding",
  ]
  pruneopts = "UT"
  revision = "bbaefb05eaa0389ea712340066837c8ce4d287f9"

[[projects]]
  branch = "mattermost"
  digest = "1:184692ed2b6b7d604bfe9d0d43a95cd0e0d9872b3dc49a6cb3c11a231bd9788d"
  name = "github.com/mattermost/viper"
  packages = ["."]
  pruneopts = "UT"
  revision = "362ff1e71044349d56d37d8b75cd317bff8369b9"
  source = "https://github.com/mattermost/viper"

[[projects]]
  digest = "1:cdb899c199f907ac9fb50495ec71212c95cb5b0e0a8ee0800da0238036091033"
  name = "github.com/mattn/go-runewidth"
  packages = ["."]
  pruneopts = "UT"
  revision = "ce7b0b5c7b45a81508558cd1dba6bb1e4ddb51bb"
  version = "v0.0.3"

[[projects]]
  digest = "1:3cafc6a5a1b8269605d9df4c6956d43d8011fc57f266ca6b9d04da6c09dee548"
  name = "github.com/mattn/go-sqlite3"
  packages = ["."]
  pruneopts = "UT"
  revision = "25ecb14adfc7543176f7d85291ec7dba82c6f7e4"
  version = "v1.9.0"

[[projects]]
  digest = "1:ff5ebae34cfbf047d505ee150de27e60570e8c394b3b8fdbb720ff6ac71985fc"
  name = "github.com/matttproud/golang_protobuf_extensions"
  packages = ["pbutil"]
  pruneopts = "UT"
  revision = "c12348ce28de40eed0136aa2b644d0ee0650e56c"
  version = "v1.0.1"

[[projects]]
  digest = "1:b39aee4261f1ae13fdd21a0db189e0bba0f96c0f2eba77ab278428e2d3b00052"
  name = "github.com/miekg/dns"
  packages = ["."]
  pruneopts = "UT"
  revision = "f4db2ca6edc3af0ee51bf332099cc480bcf3ef9d"
  version = "v1.0.10"

[[projects]]
  digest = "1:66917113d25f811af092599123662fe8e1b9eebdc4057a2eedf9b9f1ca00d76a"
  name = "github.com/minio/minio-go"
  packages = [
    ".",
    "pkg/credentials",
    "pkg/encrypt",
    "pkg/s3signer",
    "pkg/s3utils",
    "pkg/set",
  ]
  pruneopts = "UT"
  revision = "e8c97c88468e122f161683409cde02dc89a2961c"
  version = "v6.0.7"

[[projects]]
  digest = "1:78bbb1ba5b7c3f2ed0ea1eab57bdd3859aec7e177811563edc41198a760b06af"
  name = "github.com/mitchellh/go-homedir"
  packages = ["."]
  pruneopts = "UT"
  revision = "ae18d6b8b3205b561c79e8e5f69bff09736185f4"
  version = "v1.0.0"

[[projects]]
  digest = "1:42eb1f52b84a06820cedc9baec2e710bfbda3ee6dac6cdb97f8b9a5066134ec6"
  name = "github.com/mitchellh/go-testing-interface"
  packages = ["."]
  pruneopts = "UT"
  revision = "6d0b8010fcc857872e42fc6c931227569016843c"
  version = "v1.0.0"

[[projects]]
  digest = "1:645110e089152bd0f4a011a2648fbb0e4df5977be73ca605781157ac297f50c4"
  name = "github.com/mitchellh/mapstructure"
  packages = ["."]
  pruneopts = "UT"
  revision = "fa473d140ef3c6adf42d6b391fe76707f1f243c8"
  version = "v1.0.0"

[[projects]]
  digest = "1:07140002dbf37da92090f731b46fa47be4820b82fe5c14a035203b0e813d0ec2"
  name = "github.com/nicksnyder/go-i18n"
  packages = [
    "i18n",
    "i18n/bundle",
    "i18n/language",
    "i18n/translation",
  ]
  pruneopts = "UT"
  revision = "0dc1626d56435e9d605a29875701721c54bc9bbd"
  version = "v1.10.0"

[[projects]]
  digest = "1:9ec6cf1df5ad1d55cf41a43b6b1e7e118a91bade4f68ff4303379343e40c0e25"
  name = "github.com/oklog/run"
  packages = ["."]
  pruneopts = "UT"
  revision = "4dadeb3030eda0273a12382bb2348ffc7c9d1a39"
  version = "v1.0.0"

[[projects]]
  branch = "master"
  digest = "1:f611266e3ac01ab4adb6f1d67f6c1be82998d02f452faff450596658712d860b"
  name = "github.com/olekukonko/tablewriter"
  packages = ["."]
  pruneopts = "UT"
  revision = "be2c049b30ccd4d3fd795d6bf7dce74e42eeedaa"

[[projects]]
  digest = "1:e5d0bd87abc2781d14e274807a470acd180f0499f8bf5bb18606e9ec22ad9de9"
  name = "github.com/pborman/uuid"
  packages = ["."]
  pruneopts = "UT"
  revision = "adf5a7427709b9deb95d29d3fa8a2bf9cfd388f1"
  version = "v1.2"

[[projects]]
  digest = "1:95741de3af260a92cc5c7f3f3061e85273f5a81b5db20d4bd68da74bd521675e"
  name = "github.com/pelletier/go-toml"
  packages = ["."]
  pruneopts = "UT"
  revision = "c01d1270ff3e442a8a57cddc1c92dc1138598194"
  version = "v1.2.0"

[[projects]]
  digest = "1:40e195917a951a8bf867cd05de2a46aaf1806c50cf92eebf4c16f78cd196f747"
  name = "github.com/pkg/errors"
  packages = ["."]
  pruneopts = "UT"
  revision = "645ef00459ed84a119197bfb8d8205042c6df63d"
  version = "v0.8.0"

[[projects]]
  digest = "1:0028cb19b2e4c3112225cd871870f2d9cf49b9b4276531f03438a88e94be86fe"
  name = "github.com/pmezard/go-difflib"
  packages = ["difflib"]
  pruneopts = "UT"
  revision = "792786c7400a136282c1664665ae0a8db921c6c2"
  version = "v1.0.0"

[[projects]]
  digest = "1:d14a5f4bfecf017cb780bdde1b6483e5deb87e12c332544d2c430eda58734bcb"
  name = "github.com/prometheus/client_golang"
  packages = [
    "prometheus",
    "prometheus/promhttp",
  ]
  pruneopts = "UT"
  revision = "c5b7fccd204277076155f10851dad72b76a49317"
  version = "v0.8.0"

[[projects]]
  branch = "master"
  digest = "1:2d5cd61daa5565187e1d96bae64dbbc6080dacf741448e9629c64fd93203b0d4"
  name = "github.com/prometheus/client_model"
  packages = ["go"]
  pruneopts = "UT"
  revision = "5c3871d89910bfb32f5fcab2aa4b9ec68e65a99f"

[[projects]]
  branch = "master"
  digest = "1:63b68062b8968092eb86bedc4e68894bd096ea6b24920faca8b9dcf451f54bb5"
  name = "github.com/prometheus/common"
  packages = [
    "expfmt",
    "internal/bitbucket.org/ww/goautoneg",
    "model",
  ]
  pruneopts = "UT"
  revision = "c7de2306084e37d54b8be01f3541a8464345e9a5"

[[projects]]
  branch = "master"
  digest = "1:ef1dd9945e58ee9b635273d28c0ef3fa3742a7dedc038ebe207fd63e6ce000ef"
  name = "github.com/prometheus/procfs"
  packages = [
    ".",
    "internal/util",
    "nfs",
    "xfs",
  ]
  pruneopts = "UT"
  revision = "418d78d0b9a7b7de3a6bbc8a23def624cc977bb2"

[[projects]]
  digest = "1:0b8dd7447e420afff0260179dc892711e837edd1d446bc78dab924624a3c3c81"
  name = "github.com/rs/cors"
  packages = ["."]
  pruneopts = "UT"
  revision = "3fb1b69b103a84de38a19c3c6ec073dd6caa4d3f"
  version = "v1.5.0"

[[projects]]
  branch = "go1"
  digest = "1:392fafc4b5c7a34734e60ea4efa2199ab77e6e914db643232cbe9d99aa6d65cd"
  name = "github.com/rwcarlsen/goexif"
  packages = [
    "exif",
    "tiff",
  ]
  pruneopts = "UT"
  revision = "8d986c03457a2057c7b0fb0a48113f7dd48f9619"

[[projects]]
  branch = "master"
  digest = "1:579c4bbcc2e16d4caf871ba91c0e2c331b07c5560c80d142d82c0de01c57fa96"
  name = "github.com/sean-/seed"
  packages = ["."]
  pruneopts = "UT"
  revision = "e2103e2c35297fb7e17febb81e49b312087a2372"

[[projects]]
  digest = "1:c17847cfbf41a97d1627e842eda1215d44eaf443af94725122426c069b35012b"
  name = "github.com/segmentio/analytics-go"
  packages = ["."]
  pruneopts = "UT"
  revision = "2d840d861c322bdf5346ba7917af1c2285e653d3"
  version = "2.1.1"

[[projects]]
  branch = "master"
  digest = "1:ec22607298efbafb122c4e4b2ca8ceb6c4ec1ba72e74705b84f9f2ce8ee77984"
  name = "github.com/segmentio/backo-go"
  packages = ["."]
  pruneopts = "UT"
  revision = "204274ad699c0983a70203a566887f17a717fef4"

[[projects]]
  digest = "1:dc2d85c13ac22c22a1f3170a41a8e1b897fa05134aaf533f16df44f66a25b4a1"
  name = "github.com/sirupsen/logrus"
  packages = ["."]
  pruneopts = "UT"
  revision = "a67f783a3814b8729bd2dac5780b5f78f8dbd64d"
  version = "v1.1.0"

[[projects]]
  digest = "1:6a4a11ba764a56d2758899ec6f3848d24698d48442ebce85ee7a3f63284526cd"
  name = "github.com/spf13/afero"
  packages = [
    ".",
    "mem",
  ]
  pruneopts = "UT"
  revision = "d40851caa0d747393da1ffb28f7f9d8b4eeffebd"
  version = "v1.1.2"

[[projects]]
  digest = "1:516e71bed754268937f57d4ecb190e01958452336fa73dbac880894164e91c1f"
  name = "github.com/spf13/cast"
  packages = ["."]
  pruneopts = "UT"
  revision = "8965335b8c7107321228e3e3702cab9832751bac"
  version = "v1.2.0"

[[projects]]
  digest = "1:645cabccbb4fa8aab25a956cbcbdf6a6845ca736b2c64e197ca7cbb9d210b939"
  name = "github.com/spf13/cobra"
  packages = ["."]
  pruneopts = "UT"
  revision = "ef82de70bb3f60c65fb8eebacbb2d122ef517385"
  version = "v0.0.3"

[[projects]]
  digest = "1:68ea4e23713989dc20b1bded5d9da2c5f9be14ff9885beef481848edd18c26cb"
  name = "github.com/spf13/jwalterweatherman"
  packages = ["."]
  pruneopts = "UT"
  revision = "4a4406e478ca629068e7768fc33f3f044173c0a6"
  version = "v1.0.0"

[[projects]]
  digest = "1:dab83a1bbc7ad3d7a6ba1a1cc1760f25ac38cdf7d96a5cdd55cd915a4f5ceaf9"
  name = "github.com/spf13/pflag"
  packages = ["."]
  pruneopts = "UT"
  revision = "9a97c102cda95a86cec2345a6f09f55a939babf5"
  version = "v1.0.2"

[[projects]]
  branch = "master"
  digest = "1:362b269942e8508aed33025593090ad4cdbd9077de4b1cd505e6124728e9e856"
  name = "github.com/ssor/bom"
  packages = ["."]
  pruneopts = "UT"
  revision = "6386211fdfcf24c0bfbdaceafd02849ed9a8a509"

[[projects]]
  digest = "1:ac83cf90d08b63ad5f7e020ef480d319ae890c208f8524622a2f3136e2686b02"
  name = "github.com/stretchr/objx"
  packages = ["."]
  pruneopts = "UT"
  revision = "477a77ecc69700c7cdeb1fa9e129548e1c1c393c"
  version = "v0.1.1"

[[projects]]
  digest = "1:ffae6a0390594c05dc5ba534c385229e883508f17f6da257624913fd9aaa4d21"
  name = "github.com/stretchr/testify"
  packages = [
    "assert",
    "mock",
    "require",
    "suite",
  ]
  pruneopts = "UT"
  revision = "f35b8ab0b5a2cef36673838d662e249dd9c94686"
  version = "v1.2.2"

[[projects]]
  digest = "1:61887463fa9092425462901371114c3d1fbea3272c74e421d4502294a89556e3"
  name = "github.com/throttled/throttled"
  packages = [
    ".",
    "store/memstore",
  ]
  pruneopts = "UT"
  revision = "aeea1c7338e6dd1e1b309afe07fb7bbcfa83c2fa"
  version = "v2.2.1"

[[projects]]
  digest = "1:43b8a34f6390d8fbdcfd300ed52103064e9eaaecc7e50b7e3518fe246ebe8403"
  name = "github.com/tylerb/graceful"
  packages = ["."]
  pruneopts = "UT"
  revision = "4654dfbb6ad53cb5e27f37d99b02e16c1872fbbb"
  version = "v1.2.15"

[[projects]]
  branch = "master"
  digest = "1:2f9538da7381bb981fb8451b2b0fb304c2bc7f1724228dc336a8f002e6fec704"
  name = "github.com/xtgo/uuid"
  packages = ["."]
  pruneopts = "UT"
  revision = "a0b114877d4caeffbd7f87e3757c17fce570fea7"

[[projects]]
  digest = "1:3c1a69cdae3501bf75e76d0d86dc6f2b0a7421bc205c0cb7b96b19eed464a34d"
  name = "go.uber.org/atomic"
  packages = ["."]
  pruneopts = "UT"
  revision = "1ea20fb1cbb1cc08cbd0d913a96dead89aa18289"
  version = "v1.3.2"

[[projects]]
  digest = "1:60bf2a5e347af463c42ed31a493d817f8a72f102543060ed992754e689805d1a"
  name = "go.uber.org/multierr"
  packages = ["."]
  pruneopts = "UT"
  revision = "3c4937480c32f4c13a875a1829af76c98ca3d40a"
  version = "v1.1.0"

[[projects]]
  digest = "1:c52caf7bd44f92e54627a31b85baf06a68333a196b3d8d241480a774733dcf8b"
  name = "go.uber.org/zap"
  packages = [
    ".",
    "buffer",
    "internal/bufferpool",
    "internal/color",
    "internal/exit",
    "zapcore",
  ]
  pruneopts = "UT"
  revision = "ff33455a0e382e8a81d14dd7c922020b6b5e7982"
  version = "v1.9.1"

[[projects]]
  branch = "master"
  digest = "1:097fe1a8acb060fbbd78abc62c2e2d2a1ec0d24ec620b6a919bd11e75cbf425b"
  name = "golang.org/x/crypto"
  packages = [
    "acme",
    "acme/autocert",
    "argon2",
    "bcrypt",
    "blake2b",
    "blowfish",
    "ed25519",
    "ed25519/internal/edwards25519",
    "ssh/terminal",
  ]
  pruneopts = "UT"
  revision = "5295e8364332db77d75fce11f1d19c053919a9c9"

[[projects]]
  branch = "master"
  digest = "1:759e3d3f934e59167dcae65e5270630d0ae1c51d97d3080725dee05146502fa3"
  name = "golang.org/x/image"
  packages = [
    "bmp",
    "font",
    "math/fixed",
    "tiff",
    "tiff/lzw",
  ]
  pruneopts = "UT"
  revision = "991ec62608f3c0da01d400756917825d1e2fd528"

[[projects]]
  branch = "master"
  digest = "1:8d7414cba5388e70dc334e2c938c66d276e7bd56c19c1f914d2e9a3f17db81f7"
  name = "golang.org/x/net"
  packages = [
    "bpf",
    "context",
    "html",
    "html/atom",
    "html/charset",
    "http/httpguts",
    "http2",
    "http2/hpack",
    "idna",
    "internal/iana",
    "internal/socket",
    "internal/timeseries",
    "ipv4",
    "ipv6",
    "trace",
  ]
  pruneopts = "UT"
  revision = "4dfa2610cdf3b287375bbba5b8f2a14d3b01d8de"

[[projects]]
  branch = "master"
  digest = "1:c90c6c71771006dd4c843a1af66f29af3fd7afb4937d2c70097f13f7c2a4a464"
  name = "golang.org/x/sys"
  packages = [
    "cpu",
    "unix",
    "windows",
  ]
  pruneopts = "UT"
  revision = "e4b3c5e9061176387e7cea65e4dc5853801f3fb7"

[[projects]]
  digest = "1:436b24586f8fee329e0dd65fd67c817681420cda1d7f934345c13fe78c212a73"
  name = "golang.org/x/text"
  packages = [
    "collate",
    "collate/build",
    "encoding",
    "encoding/charmap",
    "encoding/htmlindex",
    "encoding/internal",
    "encoding/internal/identifier",
    "encoding/japanese",
    "encoding/korean",
    "encoding/simplifiedchinese",
    "encoding/traditionalchinese",
    "encoding/unicode",
    "internal/colltab",
    "internal/gen",
    "internal/tag",
    "internal/triegen",
    "internal/ucd",
    "internal/utf8internal",
    "language",
    "runes",
    "secure/bidirule",
    "transform",
    "unicode/bidi",
    "unicode/cldr",
    "unicode/norm",
    "unicode/rangetable",
  ]
  pruneopts = "UT"
  revision = "f21a4dfb5e38f5895301dc265a8def02365cc3d0"
  version = "v0.3.0"

[[projects]]
  digest = "1:c25289f43ac4a68d88b02245742347c94f1e108c534dda442188015ff80669b3"
  name = "google.golang.org/appengine"
  packages = ["cloudsql"]
  pruneopts = "UT"
  revision = "ae0ab99deb4dc413a2b4bd6c8bdd0eb67f1e4d06"
  version = "v1.2.0"

[[projects]]
  branch = "master"
  digest = "1:56b0bca90b7e5d1facf5fbdacba23e4e0ce069d25381b8e2f70ef1e7ebfb9c1a"
  name = "google.golang.org/genproto"
  packages = ["googleapis/rpc/status"]
  pruneopts = "UT"
  revision = "0e822944c569bf5c9afd034adaa56208bd2906ac"

[[projects]]
  digest = "1:1b6d2676ea895d33cbd1999c75dfc8e25b103c754ccfc66dc06ae845ce3a47bc"
  name = "google.golang.org/grpc"
  packages = [
    ".",
    "balancer",
    "balancer/base",
    "balancer/roundrobin",
    "codes",
    "connectivity",
    "credentials",
    "encoding",
    "encoding/proto",
    "grpclog",
    "health",
    "health/grpc_health_v1",
    "internal",
    "internal/backoff",
    "internal/channelz",
    "internal/envconfig",
    "internal/grpcrand",
    "internal/transport",
    "keepalive",
    "metadata",
    "naming",
    "peer",
    "resolver",
    "resolver/dns",
    "resolver/passthrough",
    "stats",
    "status",
    "tap",
  ]
  pruneopts = "UT"
  revision = "8dea3dc473e90c8179e519d91302d0597c0ca1d1"
  version = "v1.15.0"

[[projects]]
  branch = "v3"
  digest = "1:7388652e2215a3f45d341d58766ed58317971030eb1cbd75f005f96ace8e9196"
  name = "gopkg.in/alexcesaro/quotedprintable.v3"
  packages = ["."]
  pruneopts = "UT"
  revision = "2caba252f4dc53eaf6b553000885530023f54623"

[[projects]]
  digest = "1:81e1c5cee195fca5de06e2540cb63eea727a850b7e5c213548e7f81521c97a57"
  name = "gopkg.in/asn1-ber.v1"
  packages = ["."]
  pruneopts = "UT"
  revision = "379148ca0225df7a432012b8df0355c2a2063ac0"
  version = "v1.2"

[[projects]]
  digest = "1:eebd52aee67d9f1e0af1859a584e14b1817581dd5f90d4585418c27b6a93c966"
  name = "gopkg.in/gomail.v2"
  packages = ["."]
  pruneopts = "UT"
  revision = "41f3572897373c5538c50a2402db15db079fa4fd"
  version = "2.0.0"

[[projects]]
  digest = "1:c805e517269b0ba4c21ded5836019ed7d16953d4026cb7d00041d039c7906be9"
  name = "gopkg.in/natefinch/lumberjack.v2"
  packages = ["."]
  pruneopts = "UT"
  revision = "a96e63847dc3c67d17befa69c303767e2f84e54f"
  version = "v2.1"

[[projects]]
  digest = "1:a321cc26048fee52d1604ca2509e80f77be291ad073fdbcc5a50fdbcb375ed2f"
  name = "gopkg.in/olivere/elastic.v5"
  packages = [
    ".",
    "config",
    "uritemplates",
  ]
  pruneopts = "UT"
  revision = "fc3063a8c0686f64e94f4b2c17eb140c06eb6793"
  version = "v5.0.76"

[[projects]]
  digest = "1:342378ac4dcb378a5448dd723f0784ae519383532f5e70ade24132c4c8693202"
  name = "gopkg.in/yaml.v2"
  packages = ["."]
  pruneopts = "UT"
  revision = "5420a8b6744d3b0345ab293f6fcba19c978f1183"
  version = "v2.2.1"

[solve-meta]
  analyzer-name = "dep"
  analyzer-version = 1
  input-imports = [
    "github.com/NYTimes/gziphandler",
    "github.com/avct/uasurfer",
    "github.com/dgryski/dgoogauth",
    "github.com/disintegration/imaging",
    "github.com/dyatlov/go-opengraph/opengraph",
    "github.com/fsnotify/fsnotify",
    "github.com/go-ldap/ldap",
    "github.com/go-redis/redis",
    "github.com/go-sql-driver/mysql",
    "github.com/golang/freetype",
    "github.com/golang/freetype/truetype",
    "github.com/gorilla/handlers",
    "github.com/gorilla/mux",
    "github.com/gorilla/schema",
    "github.com/gorilla/websocket",
    "github.com/hako/durafmt",
    "github.com/hashicorp/go-hclog",
    "github.com/hashicorp/go-plugin",
    "github.com/hashicorp/memberlist",
    "github.com/icrowley/fake",
    "github.com/jaytaylor/html2text",
    "github.com/lib/pq",
    "github.com/mattermost/gorp",
    "github.com/mattermost/rsc/qr",
    "github.com/mattermost/viper",
    "github.com/mattn/go-sqlite3",
    "github.com/minio/minio-go",
    "github.com/minio/minio-go/pkg/credentials",
    "github.com/minio/minio-go/pkg/encrypt",
    "github.com/nicksnyder/go-i18n/i18n",
    "github.com/nicksnyder/go-i18n/i18n/bundle",
    "github.com/nicksnyder/go-i18n/i18n/language",
    "github.com/nicksnyder/go-i18n/i18n/translation",
    "github.com/pborman/uuid",
    "github.com/pkg/errors",
    "github.com/prometheus/client_golang/prometheus",
    "github.com/prometheus/client_golang/prometheus/promhttp",
    "github.com/rs/cors",
    "github.com/rwcarlsen/goexif/exif",
    "github.com/segmentio/analytics-go",
    "github.com/spf13/cobra",
    "github.com/stretchr/testify/assert",
    "github.com/stretchr/testify/mock",
    "github.com/stretchr/testify/require",
    "github.com/stretchr/testify/suite",
    "github.com/throttled/throttled",
    "github.com/throttled/throttled/store/memstore",
    "github.com/tylerb/graceful",
    "go.uber.org/zap",
    "go.uber.org/zap/zapcore",
    "golang.org/x/crypto/acme/autocert",
    "golang.org/x/crypto/bcrypt",
    "golang.org/x/image/bmp",
    "golang.org/x/net/html/charset",
    "gopkg.in/gomail.v2",
    "gopkg.in/natefinch/lumberjack.v2",
    "gopkg.in/olivere/elastic.v5",
    "gopkg.in/yaml.v2",
  ]
  solver-name = "gps-cdcl"
  solver-version = 1
