{
  "name": "mattermost-server",
  "lockfileVersion": 2,
  "requires": true,
  "packages": {
    "": {
      "dependencies": {
        "babel-plugin-typescript-to-proptypes": "^2.1.0"
      }
    },
    "node_modules/@ampproject/remapping": {
      "version": "2.2.1",
      "resolved": "https://registry.npmjs.org/@ampproject/remapping/-/remapping-2.2.1.tgz",
      "integrity": "sha512-lFMjJTrFL3j7L9yBxwYfCq2k6qqwHyzuUl/XBnif78PWTJYyL/dfowQHWE3sp6U6ZzqWiiIZnpTMO96zhkjwtg==",
      "peer": true,
      "dependencies": {
        "@jridgewell/gen-mapping": "^0.3.0",
        "@jridgewell/trace-mapping": "^0.3.9"
      },
      "engines": {
        "node": ">=6.0.0"
      }
    },
    "node_modules/@babel/code-frame": {
      "version": "7.21.4",
      "resolved": "https://registry.npmjs.org/@babel/code-frame/-/code-frame-7.21.4.tgz",
      "integrity": "sha512-LYvhNKfwWSPpocw8GI7gpK2nq3HSDuEPC/uSYaALSJu9xjsalaaYFOq0Pwt5KmVqwEbZlDu81aLXwBOmD/Fv9g==",
      "peer": true,
      "dependencies": {
        "@babel/highlight": "^7.18.6"
      },
      "engines": {
        "node": ">=6.9.0"
      }
    },
    "node_modules/@babel/compat-data": {
      "version": "7.21.9",
      "resolved": "https://registry.npmjs.org/@babel/compat-data/-/compat-data-7.21.9.tgz",
      "integrity": "sha512-FUGed8kfhyWvbYug/Un/VPJD41rDIgoVVcR+FuzhzOYyRz5uED+Gd3SLZml0Uw2l2aHFb7ZgdW5mGA3G2cCCnQ==",
      "peer": true,
      "engines": {
        "node": ">=6.9.0"
      }
    },
    "node_modules/@babel/core": {
      "version": "7.21.8",
      "resolved": "https://registry.npmjs.org/@babel/core/-/core-7.21.8.tgz",
      "integrity": "sha512-YeM22Sondbo523Sz0+CirSPnbj9bG3P0CdHcBZdqUuaeOaYEFbOLoGU7lebvGP6P5J/WE9wOn7u7C4J9HvS1xQ==",
      "peer": true,
      "dependencies": {
        "@ampproject/remapping": "^2.2.0",
        "@babel/code-frame": "^7.21.4",
        "@babel/generator": "^7.21.5",
        "@babel/helper-compilation-targets": "^7.21.5",
        "@babel/helper-module-transforms": "^7.21.5",
        "@babel/helpers": "^7.21.5",
        "@babel/parser": "^7.21.8",
        "@babel/template": "^7.20.7",
        "@babel/traverse": "^7.21.5",
        "@babel/types": "^7.21.5",
        "convert-source-map": "^1.7.0",
        "debug": "^4.1.0",
        "gensync": "^1.0.0-beta.2",
        "json5": "^2.2.2",
        "semver": "^6.3.0"
      },
      "engines": {
        "node": ">=6.9.0"
      },
      "funding": {
        "type": "opencollective",
        "url": "https://opencollective.com/babel"
      }
    },
    "node_modules/@babel/generator": {
      "version": "7.21.9",
      "resolved": "https://registry.npmjs.org/@babel/generator/-/generator-7.21.9.tgz",
      "integrity": "sha512-F3fZga2uv09wFdEjEQIJxXALXfz0+JaOb7SabvVMmjHxeVTuGW8wgE8Vp1Hd7O+zMTYtcfEISGRzPkeiaPPsvg==",
      "peer": true,
      "dependencies": {
        "@babel/types": "^7.21.5",
        "@jridgewell/gen-mapping": "^0.3.2",
        "@jridgewell/trace-mapping": "^0.3.17",
        "jsesc": "^2.5.1"
      },
      "engines": {
        "node": ">=6.9.0"
      }
    },
    "node_modules/@babel/helper-compilation-targets": {
      "version": "7.21.5",
      "resolved": "https://registry.npmjs.org/@babel/helper-compilation-targets/-/helper-compilation-targets-7.21.5.tgz",
      "integrity": "sha512-1RkbFGUKex4lvsB9yhIfWltJM5cZKUftB2eNajaDv3dCMEp49iBG0K14uH8NnX9IPux2+mK7JGEOB0jn48/J6w==",
      "peer": true,
      "dependencies": {
        "@babel/compat-data": "^7.21.5",
        "@babel/helper-validator-option": "^7.21.0",
        "browserslist": "^4.21.3",
        "lru-cache": "^5.1.1",
        "semver": "^6.3.0"
      },
      "engines": {
        "node": ">=6.9.0"
      },
      "peerDependencies": {
        "@babel/core": "^7.0.0"
      }
    },
    "node_modules/@babel/helper-environment-visitor": {
      "version": "7.21.5",
      "resolved": "https://registry.npmjs.org/@babel/helper-environment-visitor/-/helper-environment-visitor-7.21.5.tgz",
      "integrity": "sha512-IYl4gZ3ETsWocUWgsFZLM5i1BYx9SoemminVEXadgLBa9TdeorzgLKm8wWLA6J1N/kT3Kch8XIk1laNzYoHKvQ==",
      "peer": true,
      "engines": {
        "node": ">=6.9.0"
      }
    },
    "node_modules/@babel/helper-function-name": {
      "version": "7.21.0",
      "resolved": "https://registry.npmjs.org/@babel/helper-function-name/-/helper-function-name-7.21.0.tgz",
      "integrity": "sha512-HfK1aMRanKHpxemaY2gqBmL04iAPOPRj7DxtNbiDOrJK+gdwkiNRVpCpUJYbUT+aZyemKN8brqTOxzCaG6ExRg==",
      "peer": true,
      "dependencies": {
        "@babel/template": "^7.20.7",
        "@babel/types": "^7.21.0"
      },
      "engines": {
        "node": ">=6.9.0"
      }
    },
    "node_modules/@babel/helper-hoist-variables": {
      "version": "7.18.6",
      "resolved": "https://registry.npmjs.org/@babel/helper-hoist-variables/-/helper-hoist-variables-7.18.6.tgz",
      "integrity": "sha512-UlJQPkFqFULIcyW5sbzgbkxn2FKRgwWiRexcuaR8RNJRy8+LLveqPjwZV/bwrLZCN0eUHD/x8D0heK1ozuoo6Q==",
      "peer": true,
      "dependencies": {
        "@babel/types": "^7.18.6"
      },
      "engines": {
        "node": ">=6.9.0"
      }
    },
    "node_modules/@babel/helper-module-imports": {
      "version": "7.21.4",
      "resolved": "https://registry.npmjs.org/@babel/helper-module-imports/-/helper-module-imports-7.21.4.tgz",
      "integrity": "sha512-orajc5T2PsRYUN3ZryCEFeMDYwyw09c/pZeaQEZPH0MpKzSvn3e0uXsDBu3k03VI+9DBiRo+l22BfKTpKwa/Wg==",
      "dependencies": {
        "@babel/types": "^7.21.4"
      },
      "engines": {
        "node": ">=6.9.0"
      }
    },
    "node_modules/@babel/helper-module-transforms": {
      "version": "7.21.5",
      "resolved": "https://registry.npmjs.org/@babel/helper-module-transforms/-/helper-module-transforms-7.21.5.tgz",
      "integrity": "sha512-bI2Z9zBGY2q5yMHoBvJ2a9iX3ZOAzJPm7Q8Yz6YeoUjU/Cvhmi2G4QyTNyPBqqXSgTjUxRg3L0xV45HvkNWWBw==",
      "peer": true,
      "dependencies": {
        "@babel/helper-environment-visitor": "^7.21.5",
        "@babel/helper-module-imports": "^7.21.4",
        "@babel/helper-simple-access": "^7.21.5",
        "@babel/helper-split-export-declaration": "^7.18.6",
        "@babel/helper-validator-identifier": "^7.19.1",
        "@babel/template": "^7.20.7",
        "@babel/traverse": "^7.21.5",
        "@babel/types": "^7.21.5"
      },
      "engines": {
        "node": ">=6.9.0"
      }
    },
    "node_modules/@babel/helper-plugin-utils": {
      "version": "7.21.5",
      "resolved": "https://registry.npmjs.org/@babel/helper-plugin-utils/-/helper-plugin-utils-7.21.5.tgz",
      "integrity": "sha512-0WDaIlXKOX/3KfBK/dwP1oQGiPh6rjMkT7HIRv7i5RR2VUMwrx5ZL0dwBkKx7+SW1zwNdgjHd34IMk5ZjTeHVg==",
      "engines": {
        "node": ">=6.9.0"
      }
    },
    "node_modules/@babel/helper-simple-access": {
      "version": "7.21.5",
      "resolved": "https://registry.npmjs.org/@babel/helper-simple-access/-/helper-simple-access-7.21.5.tgz",
      "integrity": "sha512-ENPDAMC1wAjR0uaCUwliBdiSl1KBJAVnMTzXqi64c2MG8MPR6ii4qf7bSXDqSFbr4W6W028/rf5ivoHop5/mkg==",
      "peer": true,
      "dependencies": {
        "@babel/types": "^7.21.5"
      },
      "engines": {
        "node": ">=6.9.0"
      }
    },
    "node_modules/@babel/helper-split-export-declaration": {
      "version": "7.18.6",
      "resolved": "https://registry.npmjs.org/@babel/helper-split-export-declaration/-/helper-split-export-declaration-7.18.6.tgz",
      "integrity": "sha512-bde1etTx6ZyTmobl9LLMMQsaizFVZrquTEHOqKeQESMKo4PlObf+8+JA25ZsIpZhT/WEd39+vOdLXAFG/nELpA==",
      "peer": true,
      "dependencies": {
        "@babel/types": "^7.18.6"
      },
      "engines": {
        "node": ">=6.9.0"
      }
    },
    "node_modules/@babel/helper-string-parser": {
      "version": "7.21.5",
      "resolved": "https://registry.npmjs.org/@babel/helper-string-parser/-/helper-string-parser-7.21.5.tgz",
      "integrity": "sha512-5pTUx3hAJaZIdW99sJ6ZUUgWq/Y+Hja7TowEnLNMm1VivRgZQL3vpBY3qUACVsvw+yQU6+YgfBVmcbLaZtrA1w==",
      "engines": {
        "node": ">=6.9.0"
      }
    },
    "node_modules/@babel/helper-validator-identifier": {
      "version": "7.19.1",
      "resolved": "https://registry.npmjs.org/@babel/helper-validator-identifier/-/helper-validator-identifier-7.19.1.tgz",
      "integrity": "sha512-awrNfaMtnHUr653GgGEs++LlAvW6w+DcPrOliSMXWCKo597CwL5Acf/wWdNkf/tfEQE3mjkeD1YOVZOUV/od1w==",
      "engines": {
        "node": ">=6.9.0"
      }
    },
    "node_modules/@babel/helper-validator-option": {
      "version": "7.21.0",
      "resolved": "https://registry.npmjs.org/@babel/helper-validator-option/-/helper-validator-option-7.21.0.tgz",
      "integrity": "sha512-rmL/B8/f0mKS2baE9ZpyTcTavvEuWhTTW8amjzXNvYG4AwBsqTLikfXsEofsJEfKHf+HQVQbFOHy6o+4cnC/fQ==",
      "peer": true,
      "engines": {
        "node": ">=6.9.0"
      }
    },
    "node_modules/@babel/helpers": {
      "version": "7.21.5",
      "resolved": "https://registry.npmjs.org/@babel/helpers/-/helpers-7.21.5.tgz",
      "integrity": "sha512-BSY+JSlHxOmGsPTydUkPf1MdMQ3M81x5xGCOVgWM3G8XH77sJ292Y2oqcp0CbbgxhqBuI46iUz1tT7hqP7EfgA==",
      "peer": true,
      "dependencies": {
        "@babel/template": "^7.20.7",
        "@babel/traverse": "^7.21.5",
        "@babel/types": "^7.21.5"
      },
      "engines": {
        "node": ">=6.9.0"
      }
    },
    "node_modules/@babel/highlight": {
      "version": "7.18.6",
      "resolved": "https://registry.npmjs.org/@babel/highlight/-/highlight-7.18.6.tgz",
      "integrity": "sha512-u7stbOuYjaPezCuLj29hNW1v64M2Md2qupEKP1fHc7WdOA3DgLh37suiSrZYY7haUB7iBeQZ9P1uiRF359do3g==",
      "peer": true,
      "dependencies": {
        "@babel/helper-validator-identifier": "^7.18.6",
        "chalk": "^2.0.0",
        "js-tokens": "^4.0.0"
      },
      "engines": {
        "node": ">=6.9.0"
      }
    },
    "node_modules/@babel/parser": {
      "version": "7.21.9",
      "resolved": "https://registry.npmjs.org/@babel/parser/-/parser-7.21.9.tgz",
      "integrity": "sha512-q5PNg/Bi1OpGgx5jYlvWZwAorZepEudDMCLtj967aeS7WMont7dUZI46M2XwcIQqvUlMxWfdLFu4S/qSxeUu5g==",
      "peer": true,
      "bin": {
        "parser": "bin/babel-parser.js"
      },
      "engines": {
        "node": ">=6.0.0"
      }
    },
    "node_modules/@babel/plugin-syntax-typescript": {
      "version": "7.21.4",
      "resolved": "https://registry.npmjs.org/@babel/plugin-syntax-typescript/-/plugin-syntax-typescript-7.21.4.tgz",
      "integrity": "sha512-xz0D39NvhQn4t4RNsHmDnnsaQizIlUkdtYvLs8La1BlfjQ6JEwxkJGeqJMW2tAXx+q6H+WFuUTXNdYVpEya0YA==",
      "dependencies": {
        "@babel/helper-plugin-utils": "^7.20.2"
      },
      "engines": {
        "node": ">=6.9.0"
      },
      "peerDependencies": {
        "@babel/core": "^7.0.0-0"
      }
    },
    "node_modules/@babel/template": {
      "version": "7.21.9",
      "resolved": "https://registry.npmjs.org/@babel/template/-/template-7.21.9.tgz",
      "integrity": "sha512-MK0X5k8NKOuWRamiEfc3KEJiHMTkGZNUjzMipqCGDDc6ijRl/B7RGSKVGncu4Ro/HdyzzY6cmoXuKI2Gffk7vQ==",
      "peer": true,
      "dependencies": {
        "@babel/code-frame": "^7.21.4",
        "@babel/parser": "^7.21.9",
        "@babel/types": "^7.21.5"
      },
      "engines": {
        "node": ">=6.9.0"
      }
    },
    "node_modules/@babel/traverse": {
      "version": "7.21.5",
      "resolved": "https://registry.npmjs.org/@babel/traverse/-/traverse-7.21.5.tgz",
      "integrity": "sha512-AhQoI3YjWi6u/y/ntv7k48mcrCXmus0t79J9qPNlk/lAsFlCiJ047RmbfMOawySTHtywXhbXgpx/8nXMYd+oFw==",
      "peer": true,
      "dependencies": {
        "@babel/code-frame": "^7.21.4",
        "@babel/generator": "^7.21.5",
        "@babel/helper-environment-visitor": "^7.21.5",
        "@babel/helper-function-name": "^7.21.0",
        "@babel/helper-hoist-variables": "^7.18.6",
        "@babel/helper-split-export-declaration": "^7.18.6",
        "@babel/parser": "^7.21.5",
        "@babel/types": "^7.21.5",
        "debug": "^4.1.0",
        "globals": "^11.1.0"
      },
      "engines": {
        "node": ">=6.9.0"
      }
    },
    "node_modules/@babel/types": {
      "version": "7.21.5",
      "resolved": "https://registry.npmjs.org/@babel/types/-/types-7.21.5.tgz",
      "integrity": "sha512-m4AfNvVF2mVC/F7fDEdH2El3HzUg9It/XsCxZiOTTA3m3qYfcSVSbTfM6Q9xG+hYDniZssYhlXKKUMD5m8tF4Q==",
      "dependencies": {
        "@babel/helper-string-parser": "^7.21.5",
        "@babel/helper-validator-identifier": "^7.19.1",
        "to-fast-properties": "^2.0.0"
      },
      "engines": {
        "node": ">=6.9.0"
      }
    },
    "node_modules/@jridgewell/gen-mapping": {
      "version": "0.3.3",
      "resolved": "https://registry.npmjs.org/@jridgewell/gen-mapping/-/gen-mapping-0.3.3.tgz",
      "integrity": "sha512-HLhSWOLRi875zjjMG/r+Nv0oCW8umGb0BgEhyX3dDX3egwZtB8PqLnjz3yedt8R5StBrzcg4aBpnh8UA9D1BoQ==",
      "peer": true,
      "dependencies": {
        "@jridgewell/set-array": "^1.0.1",
        "@jridgewell/sourcemap-codec": "^1.4.10",
        "@jridgewell/trace-mapping": "^0.3.9"
      },
      "engines": {
        "node": ">=6.0.0"
      }
    },
    "node_modules/@jridgewell/resolve-uri": {
      "version": "3.1.0",
      "resolved": "https://registry.npmjs.org/@jridgewell/resolve-uri/-/resolve-uri-3.1.0.tgz",
      "integrity": "sha512-F2msla3tad+Mfht5cJq7LSXcdudKTWCVYUgw6pLFOOHSTtZlj6SWNYAp+AhuqLmWdBO2X5hPrLcu8cVP8fy28w==",
      "peer": true,
      "engines": {
        "node": ">=6.0.0"
      }
    },
    "node_modules/@jridgewell/set-array": {
      "version": "1.1.2",
      "resolved": "https://registry.npmjs.org/@jridgewell/set-array/-/set-array-1.1.2.tgz",
      "integrity": "sha512-xnkseuNADM0gt2bs+BvhO0p78Mk762YnZdsuzFV018NoG1Sj1SCQvpSqa7XUaTam5vAGasABV9qXASMKnFMwMw==",
      "peer": true,
      "engines": {
        "node": ">=6.0.0"
      }
    },
    "node_modules/@jridgewell/sourcemap-codec": {
      "version": "1.4.15",
      "resolved": "https://registry.npmjs.org/@jridgewell/sourcemap-codec/-/sourcemap-codec-1.4.15.tgz",
      "integrity": "sha512-eF2rxCRulEKXHTRiDrDy6erMYWqNw4LPdQ8UQA4huuxaQsVeRPFl2oM8oDGxMFhJUWZf9McpLtJasDDZb/Bpeg==",
      "peer": true
    },
    "node_modules/@jridgewell/trace-mapping": {
      "version": "0.3.18",
      "resolved": "https://registry.npmjs.org/@jridgewell/trace-mapping/-/trace-mapping-0.3.18.tgz",
      "integrity": "sha512-w+niJYzMHdd7USdiH2U6869nqhD2nbfZXND5Yp93qIbEmnDNk7PD48o+YchRVpzMU7M6jVCbenTR7PA1FLQ9pA==",
      "peer": true,
      "dependencies": {
        "@jridgewell/resolve-uri": "3.1.0",
        "@jridgewell/sourcemap-codec": "1.4.14"
      }
    },
    "node_modules/@jridgewell/trace-mapping/node_modules/@jridgewell/sourcemap-codec": {
      "version": "1.4.14",
      "resolved": "https://registry.npmjs.org/@jridgewell/sourcemap-codec/-/sourcemap-codec-1.4.14.tgz",
      "integrity": "sha512-XPSJHWmi394fuUuzDnGz1wiKqWfo1yXecHQMRf2l6hztTO+nPru658AyDngaBe7isIxEkRsPR3FZh+s7iVa4Uw==",
      "peer": true
    },
    "node_modules/ansi-styles": {
      "version": "3.2.1",
      "resolved": "https://registry.npmjs.org/ansi-styles/-/ansi-styles-3.2.1.tgz",
      "integrity": "sha512-VT0ZI6kZRdTh8YyJw3SMbYm/u+NqfsAxEpWO0Pf9sq8/e94WxxOpPKx9FR1FlyCtOVDNOQ+8ntlqFxiRc+r5qA==",
      "peer": true,
      "dependencies": {
        "color-convert": "^1.9.0"
      },
      "engines": {
        "node": ">=4"
      }
    },
    "node_modules/babel-plugin-typescript-to-proptypes": {
      "version": "2.1.0",
      "resolved": "https://registry.npmjs.org/babel-plugin-typescript-to-proptypes/-/babel-plugin-typescript-to-proptypes-2.1.0.tgz",
      "integrity": "sha512-jTV65uJPnSmW/SddPxv+OFBf05sv6JUq64iQCnuzU68/rK/O8dE8dVPIIy7URc4dG2MfmptKotmZGS0myO6loQ==",
      "dependencies": {
        "@babel/helper-module-imports": "^7.15.4",
        "@babel/plugin-syntax-typescript": "^7.14.5",
        "@babel/types": "^7.15.6"
      },
      "engines": {
        "node": ">=12.17.0",
        "npm": ">=6.13.0"
      },
      "peerDependencies": {
        "@babel/core": "^7.0.0",
        "typescript": "^4.0.0 || ^5.0.0"
      }
    },
    "node_modules/browserslist": {
      "version": "4.21.5",
      "resolved": "https://registry.npmjs.org/browserslist/-/browserslist-4.21.5.tgz",
      "integrity": "sha512-tUkiguQGW7S3IhB7N+c2MV/HZPSCPAAiYBZXLsBhFB/PCy6ZKKsZrmBayHV9fdGV/ARIfJ14NkxKzRDjvp7L6w==",
      "funding": [
        {
          "type": "opencollective",
          "url": "https://opencollective.com/browserslist"
        },
        {
          "type": "tidelift",
          "url": "https://tidelift.com/funding/github/npm/browserslist"
        }
      ],
      "peer": true,
      "dependencies": {
        "caniuse-lite": "^1.0.30001449",
        "electron-to-chromium": "^1.4.284",
        "node-releases": "^2.0.8",
        "update-browserslist-db": "^1.0.10"
      },
      "bin": {
        "browserslist": "cli.js"
      },
      "engines": {
        "node": "^6 || ^7 || ^8 || ^9 || ^10 || ^11 || ^12 || >=13.7"
      }
    },
    "node_modules/caniuse-lite": {
      "version": "1.0.30001489",
      "resolved": "https://registry.npmjs.org/caniuse-lite/-/caniuse-lite-1.0.30001489.tgz",
      "integrity": "sha512-x1mgZEXK8jHIfAxm+xgdpHpk50IN3z3q3zP261/WS+uvePxW8izXuCu6AHz0lkuYTlATDehiZ/tNyYBdSQsOUQ==",
      "funding": [
        {
          "type": "opencollective",
          "url": "https://opencollective.com/browserslist"
        },
        {
          "type": "tidelift",
          "url": "https://tidelift.com/funding/github/npm/caniuse-lite"
        },
        {
          "type": "github",
          "url": "https://github.com/sponsors/ai"
        }
      ],
      "peer": true
    },
    "node_modules/chalk": {
      "version": "2.4.2",
      "resolved": "https://registry.npmjs.org/chalk/-/chalk-2.4.2.tgz",
      "integrity": "sha512-Mti+f9lpJNcwF4tWV8/OrTTtF1gZi+f8FqlyAdouralcFWFQWF2+NgCHShjkCb+IFBLq9buZwE1xckQU4peSuQ==",
      "peer": true,
      "dependencies": {
        "ansi-styles": "^3.2.1",
        "escape-string-regexp": "^1.0.5",
        "supports-color": "^5.3.0"
      },
      "engines": {
        "node": ">=4"
      }
    },
    "node_modules/color-convert": {
      "version": "1.9.3",
      "resolved": "https://registry.npmjs.org/color-convert/-/color-convert-1.9.3.tgz",
      "integrity": "sha512-QfAUtd+vFdAtFQcC8CCyYt1fYWxSqAiK2cSD6zDB8N3cpsEBAvRxp9zOGg6G/SHHJYAT88/az/IuDGALsNVbGg==",
      "peer": true,
      "dependencies": {
        "color-name": "1.1.3"
      }
    },
    "node_modules/color-name": {
      "version": "1.1.3",
      "resolved": "https://registry.npmjs.org/color-name/-/color-name-1.1.3.tgz",
      "integrity": "sha512-72fSenhMw2HZMTVHeCA9KCmpEIbzWiQsjN+BHcBbS9vr1mtt+vJjPdksIBNUmKAW8TFUDPJK5SUU3QhE9NEXDw==",
      "peer": true
    },
    "node_modules/convert-source-map": {
      "version": "1.9.0",
      "resolved": "https://registry.npmjs.org/convert-source-map/-/convert-source-map-1.9.0.tgz",
      "integrity": "sha512-ASFBup0Mz1uyiIjANan1jzLQami9z1PoYSZCiiYW2FczPbenXc45FZdBZLzOT+r6+iciuEModtmCti+hjaAk0A==",
      "peer": true
    },
    "node_modules/debug": {
      "version": "4.3.4",
      "resolved": "https://registry.npmjs.org/debug/-/debug-4.3.4.tgz",
      "integrity": "sha512-PRWFHuSU3eDtQJPvnNY7Jcket1j0t5OuOsFzPPzsekD52Zl8qUfFIPEiswXqIvHWGVHOgX+7G/vCNNhehwxfkQ==",
      "peer": true,
      "dependencies": {
        "ms": "2.1.2"
      },
      "engines": {
        "node": ">=6.0"
      },
      "peerDependenciesMeta": {
        "supports-color": {
          "optional": true
        }
      }
    },
    "node_modules/electron-to-chromium": {
      "version": "1.4.405",
      "resolved": "https://registry.npmjs.org/electron-to-chromium/-/electron-to-chromium-1.4.405.tgz",
      "integrity": "sha512-JdDgnwU69FMZURoesf9gNOej2Cms1XJFfLk24y1IBtnAdhTcJY/mXnokmpmxHN59PcykBP4bgUU98vLY44Lhuw==",
      "peer": true
    },
    "node_modules/escalade": {
      "version": "3.1.1",
      "resolved": "https://registry.npmjs.org/escalade/-/escalade-3.1.1.tgz",
      "integrity": "sha512-k0er2gUkLf8O0zKJiAhmkTnJlTvINGv7ygDNPbeIsX/TJjGJZHuh9B2UxbsaEkmlEo9MfhrSzmhIlhRlI2GXnw==",
      "peer": true,
      "engines": {
        "node": ">=6"
      }
    },
    "node_modules/escape-string-regexp": {
      "version": "1.0.5",
      "resolved": "https://registry.npmjs.org/escape-string-regexp/-/escape-string-regexp-1.0.5.tgz",
      "integrity": "sha512-vbRorB5FUQWvla16U8R/qgaFIya2qGzwDrNmCZuYKrbdSUMG6I1ZCGQRefkRVhuOkIGVne7BQ35DSfo1qvJqFg==",
      "peer": true,
      "engines": {
        "node": ">=0.8.0"
      }
    },
    "node_modules/gensync": {
      "version": "1.0.0-beta.2",
      "resolved": "https://registry.npmjs.org/gensync/-/gensync-1.0.0-beta.2.tgz",
      "integrity": "sha512-3hN7NaskYvMDLQY55gnW3NQ+mesEAepTqlg+VEbj7zzqEMBVNhzcGYYeqFo/TlYz6eQiFcp1HcsCZO+nGgS8zg==",
      "peer": true,
      "engines": {
        "node": ">=6.9.0"
      }
    },
    "node_modules/globals": {
      "version": "11.12.0",
      "resolved": "https://registry.npmjs.org/globals/-/globals-11.12.0.tgz",
      "integrity": "sha512-WOBp/EEGUiIsJSp7wcv/y6MO+lV9UoncWqxuFfm8eBwzWNgyfBd6Gz+IeKQ9jCmyhoH99g15M3T+QaVHFjizVA==",
      "peer": true,
      "engines": {
        "node": ">=4"
      }
    },
    "node_modules/has-flag": {
      "version": "3.0.0",
      "resolved": "https://registry.npmjs.org/has-flag/-/has-flag-3.0.0.tgz",
      "integrity": "sha512-sKJf1+ceQBr4SMkvQnBDNDtf4TXpVhVGateu0t918bl30FnbE2m4vNLX+VWe/dpjlb+HugGYzW7uQXH98HPEYw==",
      "peer": true,
      "engines": {
        "node": ">=4"
      }
    },
    "node_modules/js-tokens": {
      "version": "4.0.0",
      "resolved": "https://registry.npmjs.org/js-tokens/-/js-tokens-4.0.0.tgz",
      "integrity": "sha512-RdJUflcE3cUzKiMqQgsCu06FPu9UdIJO0beYbPhHN4k6apgJtifcoCtT9bcxOpYBtpD2kCM6Sbzg4CausW/PKQ==",
      "peer": true
    },
    "node_modules/jsesc": {
      "version": "2.5.2",
      "resolved": "https://registry.npmjs.org/jsesc/-/jsesc-2.5.2.tgz",
      "integrity": "sha512-OYu7XEzjkCQ3C5Ps3QIZsQfNpqoJyZZA99wd9aWd05NCtC5pWOkShK2mkL6HXQR6/Cy2lbNdPlZBpuQHXE63gA==",
      "peer": true,
      "bin": {
        "jsesc": "bin/jsesc"
      },
      "engines": {
        "node": ">=4"
      }
    },
    "node_modules/json5": {
      "version": "2.2.3",
      "resolved": "https://registry.npmjs.org/json5/-/json5-2.2.3.tgz",
      "integrity": "sha512-XmOWe7eyHYH14cLdVPoyg+GOH3rYX++KpzrylJwSW98t3Nk+U8XOl8FWKOgwtzdb8lXGf6zYwDUzeHMWfxasyg==",
      "peer": true,
      "bin": {
        "json5": "lib/cli.js"
      },
      "engines": {
        "node": ">=6"
      }
    },
    "node_modules/lru-cache": {
      "version": "5.1.1",
      "resolved": "https://registry.npmjs.org/lru-cache/-/lru-cache-5.1.1.tgz",
      "integrity": "sha512-KpNARQA3Iwv+jTA0utUVVbrh+Jlrr1Fv0e56GGzAFOXN7dk/FviaDW8LHmK52DlcH4WP2n6gI8vN1aesBFgo9w==",
      "peer": true,
      "dependencies": {
        "yallist": "^3.0.2"
      }
    },
    "node_modules/ms": {
      "version": "2.1.2",
      "resolved": "https://registry.npmjs.org/ms/-/ms-2.1.2.tgz",
      "integrity": "sha512-sGkPx+VjMtmA6MX27oA4FBFELFCZZ4S4XqeGOXCv68tT+jb3vk/RyaKWP0PTKyWtmLSM0b+adUTEvbs1PEaH2w==",
      "peer": true
    },
    "node_modules/node-releases": {
      "version": "2.0.11",
      "resolved": "https://registry.npmjs.org/node-releases/-/node-releases-2.0.11.tgz",
      "integrity": "sha512-+M0PwXeU80kRohZ3aT4J/OnR+l9/KD2nVLNNoRgFtnf+umQVFdGBAO2N8+nCnEi0xlh/Wk3zOGC+vNNx+uM79Q==",
      "peer": true
    },
    "node_modules/picocolors": {
      "version": "1.0.0",
      "resolved": "https://registry.npmjs.org/picocolors/-/picocolors-1.0.0.tgz",
      "integrity": "sha512-1fygroTLlHu66zi26VoTDv8yRgm0Fccecssto+MhsZ0D/DGW2sm8E8AjW7NU5VVTRt5GxbeZ5qBuJr+HyLYkjQ==",
      "peer": true
    },
    "node_modules/semver": {
      "version": "6.3.0",
      "resolved": "https://registry.npmjs.org/semver/-/semver-6.3.0.tgz",
      "integrity": "sha512-b39TBaTSfV6yBrapU89p5fKekE2m/NwnDocOVruQFS1/veMgdzuPcnOM34M6CwxW8jH/lxEa5rBoDeUwu5HHTw==",
      "peer": true,
      "bin": {
        "semver": "bin/semver.js"
      }
    },
    "node_modules/supports-color": {
      "version": "5.5.0",
      "resolved": "https://registry.npmjs.org/supports-color/-/supports-color-5.5.0.tgz",
      "integrity": "sha512-QjVjwdXIt408MIiAqCX4oUKsgU2EqAGzs2Ppkm4aQYbjm+ZEWEcW4SfFNTr4uMNZma0ey4f5lgLrkB0aX0QMow==",
      "peer": true,
      "dependencies": {
        "has-flag": "^3.0.0"
      },
      "engines": {
        "node": ">=4"
      }
    },
    "node_modules/to-fast-properties": {
      "version": "2.0.0",
      "resolved": "https://registry.npmjs.org/to-fast-properties/-/to-fast-properties-2.0.0.tgz",
      "integrity": "sha512-/OaKK0xYrs3DmxRYqL/yDc+FxFUVYhDlXMhRmv3z915w2HF1tnN1omB354j8VUGO/hbRzyD6Y3sA7v7GS/ceog==",
      "engines": {
        "node": ">=4"
      }
    },
    "node_modules/typescript": {
      "version": "5.0.4",
      "resolved": "https://registry.npmjs.org/typescript/-/typescript-5.0.4.tgz",
      "integrity": "sha512-cW9T5W9xY37cc+jfEnaUvX91foxtHkza3Nw3wkoF4sSlKn0MONdkdEndig/qPBWXNkmplh3NzayQzCiHM4/hqw==",
      "peer": true,
      "bin": {
        "tsc": "bin/tsc",
        "tsserver": "bin/tsserver"
      },
      "engines": {
        "node": ">=12.20"
      }
    },
    "node_modules/update-browserslist-db": {
      "version": "1.0.11",
      "resolved": "https://registry.npmjs.org/update-browserslist-db/-/update-browserslist-db-1.0.11.tgz",
      "integrity": "sha512-dCwEFf0/oT85M1fHBg4F0jtLwJrutGoHSQXCh7u4o2t1drG+c0a9Flnqww6XUKSfQMPpJBRjU8d4RXB09qtvaA==",
      "funding": [
        {
          "type": "opencollective",
          "url": "https://opencollective.com/browserslist"
        },
        {
          "type": "tidelift",
          "url": "https://tidelift.com/funding/github/npm/browserslist"
        },
        {
          "type": "github",
          "url": "https://github.com/sponsors/ai"
        }
      ],
      "peer": true,
      "dependencies": {
        "escalade": "^3.1.1",
        "picocolors": "^1.0.0"
      },
      "bin": {
        "update-browserslist-db": "cli.js"
      },
      "peerDependencies": {
        "browserslist": ">= 4.21.0"
      }
    },
    "node_modules/yallist": {
      "version": "3.1.1",
      "resolved": "https://registry.npmjs.org/yallist/-/yallist-3.1.1.tgz",
      "integrity": "sha512-a4UGQaWPH59mOXUYnAG2ewncQS4i4F43Tv3JoAM+s2VDAmS9NsK8GpDMLrCHPksFT7h3K6TOoUNn2pb7RoXx4g==",
      "peer": true
    }
  },
  "dependencies": {
    "@ampproject/remapping": {
      "version": "2.2.1",
      "resolved": "https://registry.npmjs.org/@ampproject/remapping/-/remapping-2.2.1.tgz",
      "integrity": "sha512-lFMjJTrFL3j7L9yBxwYfCq2k6qqwHyzuUl/XBnif78PWTJYyL/dfowQHWE3sp6U6ZzqWiiIZnpTMO96zhkjwtg==",
      "peer": true,
      "requires": {
        "@jridgewell/gen-mapping": "^0.3.0",
        "@jridgewell/trace-mapping": "^0.3.9"
      }
    },
    "@babel/code-frame": {
      "version": "7.21.4",
      "resolved": "https://registry.npmjs.org/@babel/code-frame/-/code-frame-7.21.4.tgz",
      "integrity": "sha512-LYvhNKfwWSPpocw8GI7gpK2nq3HSDuEPC/uSYaALSJu9xjsalaaYFOq0Pwt5KmVqwEbZlDu81aLXwBOmD/Fv9g==",
      "peer": true,
      "requires": {
        "@babel/highlight": "^7.18.6"
      }
    },
    "@babel/compat-data": {
      "version": "7.21.9",
      "resolved": "https://registry.npmjs.org/@babel/compat-data/-/compat-data-7.21.9.tgz",
      "integrity": "sha512-FUGed8kfhyWvbYug/Un/VPJD41rDIgoVVcR+FuzhzOYyRz5uED+Gd3SLZml0Uw2l2aHFb7ZgdW5mGA3G2cCCnQ==",
      "peer": true
    },
    "@babel/core": {
      "version": "7.21.8",
      "resolved": "https://registry.npmjs.org/@babel/core/-/core-7.21.8.tgz",
      "integrity": "sha512-YeM22Sondbo523Sz0+CirSPnbj9bG3P0CdHcBZdqUuaeOaYEFbOLoGU7lebvGP6P5J/WE9wOn7u7C4J9HvS1xQ==",
      "peer": true,
      "requires": {
        "@ampproject/remapping": "^2.2.0",
        "@babel/code-frame": "^7.21.4",
        "@babel/generator": "^7.21.5",
        "@babel/helper-compilation-targets": "^7.21.5",
        "@babel/helper-module-transforms": "^7.21.5",
        "@babel/helpers": "^7.21.5",
        "@babel/parser": "^7.21.8",
        "@babel/template": "^7.20.7",
        "@babel/traverse": "^7.21.5",
        "@babel/types": "^7.21.5",
        "convert-source-map": "^1.7.0",
        "debug": "^4.1.0",
        "gensync": "^1.0.0-beta.2",
        "json5": "^2.2.2",
        "semver": "^6.3.0"
      }
    },
    "@babel/generator": {
      "version": "7.21.9",
      "resolved": "https://registry.npmjs.org/@babel/generator/-/generator-7.21.9.tgz",
      "integrity": "sha512-F3fZga2uv09wFdEjEQIJxXALXfz0+JaOb7SabvVMmjHxeVTuGW8wgE8Vp1Hd7O+zMTYtcfEISGRzPkeiaPPsvg==",
      "peer": true,
      "requires": {
        "@babel/types": "^7.21.5",
        "@jridgewell/gen-mapping": "^0.3.2",
        "@jridgewell/trace-mapping": "^0.3.17",
        "jsesc": "^2.5.1"
      }
    },
    "@babel/helper-compilation-targets": {
      "version": "7.21.5",
      "resolved": "https://registry.npmjs.org/@babel/helper-compilation-targets/-/helper-compilation-targets-7.21.5.tgz",
      "integrity": "sha512-1RkbFGUKex4lvsB9yhIfWltJM5cZKUftB2eNajaDv3dCMEp49iBG0K14uH8NnX9IPux2+mK7JGEOB0jn48/J6w==",
      "peer": true,
      "requires": {
        "@babel/compat-data": "^7.21.5",
        "@babel/helper-validator-option": "^7.21.0",
        "browserslist": "^4.21.3",
        "lru-cache": "^5.1.1",
        "semver": "^6.3.0"
      }
    },
    "@babel/helper-environment-visitor": {
      "version": "7.21.5",
      "resolved": "https://registry.npmjs.org/@babel/helper-environment-visitor/-/helper-environment-visitor-7.21.5.tgz",
      "integrity": "sha512-IYl4gZ3ETsWocUWgsFZLM5i1BYx9SoemminVEXadgLBa9TdeorzgLKm8wWLA6J1N/kT3Kch8XIk1laNzYoHKvQ==",
      "peer": true
    },
    "@babel/helper-function-name": {
      "version": "7.21.0",
      "resolved": "https://registry.npmjs.org/@babel/helper-function-name/-/helper-function-name-7.21.0.tgz",
      "integrity": "sha512-HfK1aMRanKHpxemaY2gqBmL04iAPOPRj7DxtNbiDOrJK+gdwkiNRVpCpUJYbUT+aZyemKN8brqTOxzCaG6ExRg==",
      "peer": true,
      "requires": {
        "@babel/template": "^7.20.7",
        "@babel/types": "^7.21.0"
      }
    },
    "@babel/helper-hoist-variables": {
      "version": "7.18.6",
      "resolved": "https://registry.npmjs.org/@babel/helper-hoist-variables/-/helper-hoist-variables-7.18.6.tgz",
      "integrity": "sha512-UlJQPkFqFULIcyW5sbzgbkxn2FKRgwWiRexcuaR8RNJRy8+LLveqPjwZV/bwrLZCN0eUHD/x8D0heK1ozuoo6Q==",
      "peer": true,
      "requires": {
        "@babel/types": "^7.18.6"
      }
    },
    "@babel/helper-module-imports": {
      "version": "7.21.4",
      "resolved": "https://registry.npmjs.org/@babel/helper-module-imports/-/helper-module-imports-7.21.4.tgz",
      "integrity": "sha512-orajc5T2PsRYUN3ZryCEFeMDYwyw09c/pZeaQEZPH0MpKzSvn3e0uXsDBu3k03VI+9DBiRo+l22BfKTpKwa/Wg==",
      "requires": {
        "@babel/types": "^7.21.4"
      }
    },
    "@babel/helper-module-transforms": {
      "version": "7.21.5",
      "resolved": "https://registry.npmjs.org/@babel/helper-module-transforms/-/helper-module-transforms-7.21.5.tgz",
      "integrity": "sha512-bI2Z9zBGY2q5yMHoBvJ2a9iX3ZOAzJPm7Q8Yz6YeoUjU/Cvhmi2G4QyTNyPBqqXSgTjUxRg3L0xV45HvkNWWBw==",
      "peer": true,
      "requires": {
        "@babel/helper-environment-visitor": "^7.21.5",
        "@babel/helper-module-imports": "^7.21.4",
        "@babel/helper-simple-access": "^7.21.5",
        "@babel/helper-split-export-declaration": "^7.18.6",
        "@babel/helper-validator-identifier": "^7.19.1",
        "@babel/template": "^7.20.7",
        "@babel/traverse": "^7.21.5",
        "@babel/types": "^7.21.5"
      }
    },
    "@babel/helper-plugin-utils": {
      "version": "7.21.5",
      "resolved": "https://registry.npmjs.org/@babel/helper-plugin-utils/-/helper-plugin-utils-7.21.5.tgz",
      "integrity": "sha512-0WDaIlXKOX/3KfBK/dwP1oQGiPh6rjMkT7HIRv7i5RR2VUMwrx5ZL0dwBkKx7+SW1zwNdgjHd34IMk5ZjTeHVg=="
    },
    "@babel/helper-simple-access": {
      "version": "7.21.5",
      "resolved": "https://registry.npmjs.org/@babel/helper-simple-access/-/helper-simple-access-7.21.5.tgz",
      "integrity": "sha512-ENPDAMC1wAjR0uaCUwliBdiSl1KBJAVnMTzXqi64c2MG8MPR6ii4qf7bSXDqSFbr4W6W028/rf5ivoHop5/mkg==",
      "peer": true,
      "requires": {
        "@babel/types": "^7.21.5"
      }
    },
    "@babel/helper-split-export-declaration": {
      "version": "7.18.6",
      "resolved": "https://registry.npmjs.org/@babel/helper-split-export-declaration/-/helper-split-export-declaration-7.18.6.tgz",
      "integrity": "sha512-bde1etTx6ZyTmobl9LLMMQsaizFVZrquTEHOqKeQESMKo4PlObf+8+JA25ZsIpZhT/WEd39+vOdLXAFG/nELpA==",
      "peer": true,
      "requires": {
        "@babel/types": "^7.18.6"
      }
    },
    "@babel/helper-string-parser": {
      "version": "7.21.5",
      "resolved": "https://registry.npmjs.org/@babel/helper-string-parser/-/helper-string-parser-7.21.5.tgz",
      "integrity": "sha512-5pTUx3hAJaZIdW99sJ6ZUUgWq/Y+Hja7TowEnLNMm1VivRgZQL3vpBY3qUACVsvw+yQU6+YgfBVmcbLaZtrA1w=="
    },
    "@babel/helper-validator-identifier": {
      "version": "7.19.1",
      "resolved": "https://registry.npmjs.org/@babel/helper-validator-identifier/-/helper-validator-identifier-7.19.1.tgz",
      "integrity": "sha512-awrNfaMtnHUr653GgGEs++LlAvW6w+DcPrOliSMXWCKo597CwL5Acf/wWdNkf/tfEQE3mjkeD1YOVZOUV/od1w=="
    },
    "@babel/helper-validator-option": {
      "version": "7.21.0",
      "resolved": "https://registry.npmjs.org/@babel/helper-validator-option/-/helper-validator-option-7.21.0.tgz",
      "integrity": "sha512-rmL/B8/f0mKS2baE9ZpyTcTavvEuWhTTW8amjzXNvYG4AwBsqTLikfXsEofsJEfKHf+HQVQbFOHy6o+4cnC/fQ==",
      "peer": true
    },
    "@babel/helpers": {
      "version": "7.21.5",
      "resolved": "https://registry.npmjs.org/@babel/helpers/-/helpers-7.21.5.tgz",
      "integrity": "sha512-BSY+JSlHxOmGsPTydUkPf1MdMQ3M81x5xGCOVgWM3G8XH77sJ292Y2oqcp0CbbgxhqBuI46iUz1tT7hqP7EfgA==",
      "peer": true,
      "requires": {
        "@babel/template": "^7.20.7",
        "@babel/traverse": "^7.21.5",
        "@babel/types": "^7.21.5"
      }
    },
    "@babel/highlight": {
      "version": "7.18.6",
      "resolved": "https://registry.npmjs.org/@babel/highlight/-/highlight-7.18.6.tgz",
      "integrity": "sha512-u7stbOuYjaPezCuLj29hNW1v64M2Md2qupEKP1fHc7WdOA3DgLh37suiSrZYY7haUB7iBeQZ9P1uiRF359do3g==",
      "peer": true,
      "requires": {
        "@babel/helper-validator-identifier": "^7.18.6",
        "chalk": "^2.0.0",
        "js-tokens": "^4.0.0"
      }
    },
    "@babel/parser": {
      "version": "7.21.9",
      "resolved": "https://registry.npmjs.org/@babel/parser/-/parser-7.21.9.tgz",
      "integrity": "sha512-q5PNg/Bi1OpGgx5jYlvWZwAorZepEudDMCLtj967aeS7WMont7dUZI46M2XwcIQqvUlMxWfdLFu4S/qSxeUu5g==",
      "peer": true
    },
    "@babel/plugin-syntax-typescript": {
      "version": "7.21.4",
      "resolved": "https://registry.npmjs.org/@babel/plugin-syntax-typescript/-/plugin-syntax-typescript-7.21.4.tgz",
      "integrity": "sha512-xz0D39NvhQn4t4RNsHmDnnsaQizIlUkdtYvLs8La1BlfjQ6JEwxkJGeqJMW2tAXx+q6H+WFuUTXNdYVpEya0YA==",
      "requires": {
        "@babel/helper-plugin-utils": "^7.20.2"
      }
    },
    "@babel/template": {
      "version": "7.21.9",
      "resolved": "https://registry.npmjs.org/@babel/template/-/template-7.21.9.tgz",
      "integrity": "sha512-MK0X5k8NKOuWRamiEfc3KEJiHMTkGZNUjzMipqCGDDc6ijRl/B7RGSKVGncu4Ro/HdyzzY6cmoXuKI2Gffk7vQ==",
      "peer": true,
      "requires": {
        "@babel/code-frame": "^7.21.4",
        "@babel/parser": "^7.21.9",
        "@babel/types": "^7.21.5"
      }
    },
    "@babel/traverse": {
      "version": "7.21.5",
      "resolved": "https://registry.npmjs.org/@babel/traverse/-/traverse-7.21.5.tgz",
      "integrity": "sha512-AhQoI3YjWi6u/y/ntv7k48mcrCXmus0t79J9qPNlk/lAsFlCiJ047RmbfMOawySTHtywXhbXgpx/8nXMYd+oFw==",
      "peer": true,
      "requires": {
        "@babel/code-frame": "^7.21.4",
        "@babel/generator": "^7.21.5",
        "@babel/helper-environment-visitor": "^7.21.5",
        "@babel/helper-function-name": "^7.21.0",
        "@babel/helper-hoist-variables": "^7.18.6",
        "@babel/helper-split-export-declaration": "^7.18.6",
        "@babel/parser": "^7.21.5",
        "@babel/types": "^7.21.5",
        "debug": "^4.1.0",
        "globals": "^11.1.0"
      }
    },
    "@babel/types": {
      "version": "7.21.5",
      "resolved": "https://registry.npmjs.org/@babel/types/-/types-7.21.5.tgz",
      "integrity": "sha512-m4AfNvVF2mVC/F7fDEdH2El3HzUg9It/XsCxZiOTTA3m3qYfcSVSbTfM6Q9xG+hYDniZssYhlXKKUMD5m8tF4Q==",
      "requires": {
        "@babel/helper-string-parser": "^7.21.5",
        "@babel/helper-validator-identifier": "^7.19.1",
        "to-fast-properties": "^2.0.0"
      }
    },
    "@jridgewell/gen-mapping": {
      "version": "0.3.3",
      "resolved": "https://registry.npmjs.org/@jridgewell/gen-mapping/-/gen-mapping-0.3.3.tgz",
      "integrity": "sha512-HLhSWOLRi875zjjMG/r+Nv0oCW8umGb0BgEhyX3dDX3egwZtB8PqLnjz3yedt8R5StBrzcg4aBpnh8UA9D1BoQ==",
      "peer": true,
      "requires": {
        "@jridgewell/set-array": "^1.0.1",
        "@jridgewell/sourcemap-codec": "^1.4.10",
        "@jridgewell/trace-mapping": "^0.3.9"
      }
    },
    "@jridgewell/resolve-uri": {
      "version": "3.1.0",
      "resolved": "https://registry.npmjs.org/@jridgewell/resolve-uri/-/resolve-uri-3.1.0.tgz",
      "integrity": "sha512-F2msla3tad+Mfht5cJq7LSXcdudKTWCVYUgw6pLFOOHSTtZlj6SWNYAp+AhuqLmWdBO2X5hPrLcu8cVP8fy28w==",
      "peer": true
    },
    "@jridgewell/set-array": {
      "version": "1.1.2",
      "resolved": "https://registry.npmjs.org/@jridgewell/set-array/-/set-array-1.1.2.tgz",
      "integrity": "sha512-xnkseuNADM0gt2bs+BvhO0p78Mk762YnZdsuzFV018NoG1Sj1SCQvpSqa7XUaTam5vAGasABV9qXASMKnFMwMw==",
      "peer": true
    },
    "@jridgewell/sourcemap-codec": {
      "version": "1.4.15",
      "resolved": "https://registry.npmjs.org/@jridgewell/sourcemap-codec/-/sourcemap-codec-1.4.15.tgz",
      "integrity": "sha512-eF2rxCRulEKXHTRiDrDy6erMYWqNw4LPdQ8UQA4huuxaQsVeRPFl2oM8oDGxMFhJUWZf9McpLtJasDDZb/Bpeg==",
      "peer": true
    },
    "@jridgewell/trace-mapping": {
      "version": "0.3.18",
      "resolved": "https://registry.npmjs.org/@jridgewell/trace-mapping/-/trace-mapping-0.3.18.tgz",
      "integrity": "sha512-w+niJYzMHdd7USdiH2U6869nqhD2nbfZXND5Yp93qIbEmnDNk7PD48o+YchRVpzMU7M6jVCbenTR7PA1FLQ9pA==",
      "peer": true,
      "requires": {
        "@jridgewell/resolve-uri": "3.1.0",
        "@jridgewell/sourcemap-codec": "1.4.14"
      },
      "dependencies": {
        "@jridgewell/sourcemap-codec": {
          "version": "1.4.14",
          "resolved": "https://registry.npmjs.org/@jridgewell/sourcemap-codec/-/sourcemap-codec-1.4.14.tgz",
          "integrity": "sha512-XPSJHWmi394fuUuzDnGz1wiKqWfo1yXecHQMRf2l6hztTO+nPru658AyDngaBe7isIxEkRsPR3FZh+s7iVa4Uw==",
          "peer": true
        }
      }
    },
    "ansi-styles": {
      "version": "3.2.1",
      "resolved": "https://registry.npmjs.org/ansi-styles/-/ansi-styles-3.2.1.tgz",
      "integrity": "sha512-VT0ZI6kZRdTh8YyJw3SMbYm/u+NqfsAxEpWO0Pf9sq8/e94WxxOpPKx9FR1FlyCtOVDNOQ+8ntlqFxiRc+r5qA==",
      "peer": true,
      "requires": {
        "color-convert": "^1.9.0"
      }
    },
    "babel-plugin-typescript-to-proptypes": {
      "version": "2.1.0",
      "resolved": "https://registry.npmjs.org/babel-plugin-typescript-to-proptypes/-/babel-plugin-typescript-to-proptypes-2.1.0.tgz",
      "integrity": "sha512-jTV65uJPnSmW/SddPxv+OFBf05sv6JUq64iQCnuzU68/rK/O8dE8dVPIIy7URc4dG2MfmptKotmZGS0myO6loQ==",
      "requires": {
        "@babel/helper-module-imports": "^7.15.4",
        "@babel/plugin-syntax-typescript": "^7.14.5",
        "@babel/types": "^7.15.6"
      }
    },
    "browserslist": {
      "version": "4.21.5",
      "resolved": "https://registry.npmjs.org/browserslist/-/browserslist-4.21.5.tgz",
      "integrity": "sha512-tUkiguQGW7S3IhB7N+c2MV/HZPSCPAAiYBZXLsBhFB/PCy6ZKKsZrmBayHV9fdGV/ARIfJ14NkxKzRDjvp7L6w==",
      "peer": true,
      "requires": {
        "caniuse-lite": "^1.0.30001449",
        "electron-to-chromium": "^1.4.284",
        "node-releases": "^2.0.8",
        "update-browserslist-db": "^1.0.10"
      }
    },
    "caniuse-lite": {
      "version": "1.0.30001489",
      "resolved": "https://registry.npmjs.org/caniuse-lite/-/caniuse-lite-1.0.30001489.tgz",
      "integrity": "sha512-x1mgZEXK8jHIfAxm+xgdpHpk50IN3z3q3zP261/WS+uvePxW8izXuCu6AHz0lkuYTlATDehiZ/tNyYBdSQsOUQ==",
      "peer": true
    },
    "chalk": {
      "version": "2.4.2",
      "resolved": "https://registry.npmjs.org/chalk/-/chalk-2.4.2.tgz",
      "integrity": "sha512-Mti+f9lpJNcwF4tWV8/OrTTtF1gZi+f8FqlyAdouralcFWFQWF2+NgCHShjkCb+IFBLq9buZwE1xckQU4peSuQ==",
      "peer": true,
      "requires": {
        "ansi-styles": "^3.2.1",
        "escape-string-regexp": "^1.0.5",
        "supports-color": "^5.3.0"
      }
    },
    "color-convert": {
      "version": "1.9.3",
      "resolved": "https://registry.npmjs.org/color-convert/-/color-convert-1.9.3.tgz",
      "integrity": "sha512-QfAUtd+vFdAtFQcC8CCyYt1fYWxSqAiK2cSD6zDB8N3cpsEBAvRxp9zOGg6G/SHHJYAT88/az/IuDGALsNVbGg==",
      "peer": true,
      "requires": {
        "color-name": "1.1.3"
      }
    },
    "color-name": {
      "version": "1.1.3",
      "resolved": "https://registry.npmjs.org/color-name/-/color-name-1.1.3.tgz",
      "integrity": "sha512-72fSenhMw2HZMTVHeCA9KCmpEIbzWiQsjN+BHcBbS9vr1mtt+vJjPdksIBNUmKAW8TFUDPJK5SUU3QhE9NEXDw==",
      "peer": true
    },
    "convert-source-map": {
      "version": "1.9.0",
      "resolved": "https://registry.npmjs.org/convert-source-map/-/convert-source-map-1.9.0.tgz",
      "integrity": "sha512-ASFBup0Mz1uyiIjANan1jzLQami9z1PoYSZCiiYW2FczPbenXc45FZdBZLzOT+r6+iciuEModtmCti+hjaAk0A==",
      "peer": true
    },
    "debug": {
      "version": "4.3.4",
      "resolved": "https://registry.npmjs.org/debug/-/debug-4.3.4.tgz",
      "integrity": "sha512-PRWFHuSU3eDtQJPvnNY7Jcket1j0t5OuOsFzPPzsekD52Zl8qUfFIPEiswXqIvHWGVHOgX+7G/vCNNhehwxfkQ==",
      "peer": true,
      "requires": {
        "ms": "2.1.2"
      }
    },
    "electron-to-chromium": {
      "version": "1.4.405",
      "resolved": "https://registry.npmjs.org/electron-to-chromium/-/electron-to-chromium-1.4.405.tgz",
      "integrity": "sha512-JdDgnwU69FMZURoesf9gNOej2Cms1XJFfLk24y1IBtnAdhTcJY/mXnokmpmxHN59PcykBP4bgUU98vLY44Lhuw==",
      "peer": true
    },
    "escalade": {
      "version": "3.1.1",
      "resolved": "https://registry.npmjs.org/escalade/-/escalade-3.1.1.tgz",
      "integrity": "sha512-k0er2gUkLf8O0zKJiAhmkTnJlTvINGv7ygDNPbeIsX/TJjGJZHuh9B2UxbsaEkmlEo9MfhrSzmhIlhRlI2GXnw==",
      "peer": true
    },
    "escape-string-regexp": {
      "version": "1.0.5",
      "resolved": "https://registry.npmjs.org/escape-string-regexp/-/escape-string-regexp-1.0.5.tgz",
      "integrity": "sha512-vbRorB5FUQWvla16U8R/qgaFIya2qGzwDrNmCZuYKrbdSUMG6I1ZCGQRefkRVhuOkIGVne7BQ35DSfo1qvJqFg==",
      "peer": true
    },
    "gensync": {
      "version": "1.0.0-beta.2",
      "resolved": "https://registry.npmjs.org/gensync/-/gensync-1.0.0-beta.2.tgz",
      "integrity": "sha512-3hN7NaskYvMDLQY55gnW3NQ+mesEAepTqlg+VEbj7zzqEMBVNhzcGYYeqFo/TlYz6eQiFcp1HcsCZO+nGgS8zg==",
      "peer": true
    },
    "globals": {
      "version": "11.12.0",
      "resolved": "https://registry.npmjs.org/globals/-/globals-11.12.0.tgz",
      "integrity": "sha512-WOBp/EEGUiIsJSp7wcv/y6MO+lV9UoncWqxuFfm8eBwzWNgyfBd6Gz+IeKQ9jCmyhoH99g15M3T+QaVHFjizVA==",
      "peer": true
    },
    "has-flag": {
      "version": "3.0.0",
      "resolved": "https://registry.npmjs.org/has-flag/-/has-flag-3.0.0.tgz",
      "integrity": "sha512-sKJf1+ceQBr4SMkvQnBDNDtf4TXpVhVGateu0t918bl30FnbE2m4vNLX+VWe/dpjlb+HugGYzW7uQXH98HPEYw==",
      "peer": true
    },
    "js-tokens": {
      "version": "4.0.0",
      "resolved": "https://registry.npmjs.org/js-tokens/-/js-tokens-4.0.0.tgz",
      "integrity": "sha512-RdJUflcE3cUzKiMqQgsCu06FPu9UdIJO0beYbPhHN4k6apgJtifcoCtT9bcxOpYBtpD2kCM6Sbzg4CausW/PKQ==",
      "peer": true
    },
    "jsesc": {
      "version": "2.5.2",
      "resolved": "https://registry.npmjs.org/jsesc/-/jsesc-2.5.2.tgz",
      "integrity": "sha512-OYu7XEzjkCQ3C5Ps3QIZsQfNpqoJyZZA99wd9aWd05NCtC5pWOkShK2mkL6HXQR6/Cy2lbNdPlZBpuQHXE63gA==",
      "peer": true
    },
    "json5": {
      "version": "2.2.3",
      "resolved": "https://registry.npmjs.org/json5/-/json5-2.2.3.tgz",
      "integrity": "sha512-XmOWe7eyHYH14cLdVPoyg+GOH3rYX++KpzrylJwSW98t3Nk+U8XOl8FWKOgwtzdb8lXGf6zYwDUzeHMWfxasyg==",
      "peer": true
    },
    "lru-cache": {
      "version": "5.1.1",
      "resolved": "https://registry.npmjs.org/lru-cache/-/lru-cache-5.1.1.tgz",
      "integrity": "sha512-KpNARQA3Iwv+jTA0utUVVbrh+Jlrr1Fv0e56GGzAFOXN7dk/FviaDW8LHmK52DlcH4WP2n6gI8vN1aesBFgo9w==",
      "peer": true,
      "requires": {
        "yallist": "^3.0.2"
      }
    },
    "ms": {
      "version": "2.1.2",
      "resolved": "https://registry.npmjs.org/ms/-/ms-2.1.2.tgz",
      "integrity": "sha512-sGkPx+VjMtmA6MX27oA4FBFELFCZZ4S4XqeGOXCv68tT+jb3vk/RyaKWP0PTKyWtmLSM0b+adUTEvbs1PEaH2w==",
      "peer": true
    },
    "node-releases": {
      "version": "2.0.11",
      "resolved": "https://registry.npmjs.org/node-releases/-/node-releases-2.0.11.tgz",
      "integrity": "sha512-+M0PwXeU80kRohZ3aT4J/OnR+l9/KD2nVLNNoRgFtnf+umQVFdGBAO2N8+nCnEi0xlh/Wk3zOGC+vNNx+uM79Q==",
      "peer": true
    },
    "picocolors": {
      "version": "1.0.0",
      "resolved": "https://registry.npmjs.org/picocolors/-/picocolors-1.0.0.tgz",
      "integrity": "sha512-1fygroTLlHu66zi26VoTDv8yRgm0Fccecssto+MhsZ0D/DGW2sm8E8AjW7NU5VVTRt5GxbeZ5qBuJr+HyLYkjQ==",
      "peer": true
    },
    "semver": {
      "version": "6.3.0",
      "resolved": "https://registry.npmjs.org/semver/-/semver-6.3.0.tgz",
      "integrity": "sha512-b39TBaTSfV6yBrapU89p5fKekE2m/NwnDocOVruQFS1/veMgdzuPcnOM34M6CwxW8jH/lxEa5rBoDeUwu5HHTw==",
      "peer": true
    },
    "supports-color": {
      "version": "5.5.0",
      "resolved": "https://registry.npmjs.org/supports-color/-/supports-color-5.5.0.tgz",
      "integrity": "sha512-QjVjwdXIt408MIiAqCX4oUKsgU2EqAGzs2Ppkm4aQYbjm+ZEWEcW4SfFNTr4uMNZma0ey4f5lgLrkB0aX0QMow==",
      "peer": true,
      "requires": {
        "has-flag": "^3.0.0"
      }
    },
    "to-fast-properties": {
      "version": "2.0.0",
      "resolved": "https://registry.npmjs.org/to-fast-properties/-/to-fast-properties-2.0.0.tgz",
      "integrity": "sha512-/OaKK0xYrs3DmxRYqL/yDc+FxFUVYhDlXMhRmv3z915w2HF1tnN1omB354j8VUGO/hbRzyD6Y3sA7v7GS/ceog=="
    },
    "typescript": {
      "version": "5.0.4",
      "resolved": "https://registry.npmjs.org/typescript/-/typescript-5.0.4.tgz",
      "integrity": "sha512-cW9T5W9xY37cc+jfEnaUvX91foxtHkza3Nw3wkoF4sSlKn0MONdkdEndig/qPBWXNkmplh3NzayQzCiHM4/hqw==",
      "peer": true
    },
    "update-browserslist-db": {
      "version": "1.0.11",
      "resolved": "https://registry.npmjs.org/update-browserslist-db/-/update-browserslist-db-1.0.11.tgz",
      "integrity": "sha512-dCwEFf0/oT85M1fHBg4F0jtLwJrutGoHSQXCh7u4o2t1drG+c0a9Flnqww6XUKSfQMPpJBRjU8d4RXB09qtvaA==",
      "peer": true,
      "requires": {
        "escalade": "^3.1.1",
        "picocolors": "^1.0.0"
      }
    },
    "yallist": {
      "version": "3.1.1",
      "resolved": "https://registry.npmjs.org/yallist/-/yallist-3.1.1.tgz",
      "integrity": "sha512-a4UGQaWPH59mOXUYnAG2ewncQS4i4F43Tv3JoAM+s2VDAmS9NsK8GpDMLrCHPksFT7h3K6TOoUNn2pb7RoXx4g==",
      "peer": true
    }
  }
}
