{
  "name": "i18n-lint-reference",
  "lockfileVersion": 3,
  "requires": true,
  "packages": {
    "": {
      "name": "i18n-lint-reference",
      "dependencies": {
        "@formatjs/icu-messageformat-parser": "^3.5.16"
      }
    },
    "node_modules/@formatjs/icu-messageformat-parser": {
      "version": "3.5.16",
      "resolved": "https://registry.npmjs.org/@formatjs/icu-messageformat-parser/-/icu-messageformat-parser-3.5.16.tgz",
      "integrity": "sha512-kl6b/4D56gjGZi4ZewSmvXbalHwjOUI5ogEHPZqw42goeXTTrL7/yuPzvdrvr0QigDtvaOeb+UeMf62jks43Yg==",
      "license": "MIT",
      "dependencies": {
        "@formatjs/icu-skeleton-parser": "2.1.11"
      }
    },
    "node_modules/@formatjs/icu-skeleton-parser": {
      "version": "2.1.11",
      "resolved": "https://registry.npmjs.org/@formatjs/icu-skeleton-parser/-/icu-skeleton-parser-2.1.11.tgz",
      "integrity": "sha512-j8cUmOJzVgkHuS0QiQ6ga76UIoLOFSAMWhs7aZJztH3aAdCOAE6vpC8KVvFB4cU10ON0y2/5oOVmPJ43s2lTwA==",
      "license": "MIT"
    }
  }
}
