{
    "name": "i18n",
    "lockfileVersion": 2,
    "requires": true,
    "packages": {
        "": {
            "devDependencies": {
                "@formatjs/cli": "^6.0.4"
            }
        },
        "node_modules/@formatjs/cli": {
            "version": "6.0.4",
            "resolved": "https://registry.npmjs.org/@formatjs/cli/-/cli-6.0.4.tgz",
            "integrity": "sha512-ivb+uUcYmHnffBkXM7OM4NDofxyfnVvW5G52p+M9Cg3DGMz3wVBm3TwW3SXgGGTft7CMWHeGQGXjxTOwBYKeEA==",
            "dev": true,
            "bin": {
                "formatjs": "bin/formatjs"
            },
            "engines": {
                "node": ">= 16"
            },
            "peerDependencies": {
                "@vue/compiler-sfc": "^3.2.34"
            },
            "peerDependenciesMeta": {
                "@vue/compiler-sfc": {
                    "optional": true
                }
            }
        }
    },
    "dependencies": {
        "@formatjs/cli": {
            "version": "6.0.4",
            "resolved": "https://registry.npmjs.org/@formatjs/cli/-/cli-6.0.4.tgz",
            "integrity": "sha512-ivb+uUcYmHnffBkXM7OM4NDofxyfnVvW5G52p+M9Cg3DGMz3wVBm3TwW3SXgGGTft7CMWHeGQGXjxTOwBYKeEA==",
            "dev": true,
            "requires": {}
        }
    }
}
